// !$*UTF8*$!
{
	archiveVersion = 1;
	classes = {
	};
	objectVersion = 46;
	objects = {

/* Begin PBXBuildFile section */
		AE172256155945CA0055A83D /* DemsyBbsRootView.xib in Resources */ = {isa = PBXBuildFile; fileRef = AE172255155945CA0055A83D /* DemsyBbsRootView.xib */; };
		AE172259155945DE0055A83D /* DemsyBbsTableView.xib in Resources */ = {isa = PBXBuildFile; fileRef = AE172258155945DE0055A83D /* DemsyBbsTableView.xib */; };
		AE17225B155945F10055A83D /* DemsyBbsReplyTableView.xib in Resources */ = {isa = PBXBuildFile; fileRef = AE17225A155945F10055A83D /* DemsyBbsReplyTableView.xib */; };
		AE17225E155946410055A83D /* DemsyBbsRootController.m in Sources */ = {isa = PBXBuildFile; fileRef = AE17225D155946410055A83D /* DemsyBbsRootController.m */; };
		AE172261155946B50055A83D /* DemsyBbsTableController.m in Sources */ = {isa = PBXBuildFile; fileRef = AE172260155946B50055A83D /* DemsyBbsTableController.m */; };
		AE1722641559470B0055A83D /* DemsyBbsReplyTableController.m in Sources */ = {isa = PBXBuildFile; fileRef = AE1722631559470B0055A83D /* DemsyBbsReplyTableController.m */; };
		AE1722671559473E0055A83D /* DemsyBbs.m in Sources */ = {isa = PBXBuildFile; fileRef = AE1722661559473E0055A83D /* DemsyBbs.m */; };
		AE17226915594BB40055A83D /* DemsyBbsTableCell.xib in Resources */ = {isa = PBXBuildFile; fileRef = AE17226815594BB40055A83D /* DemsyBbsTableCell.xib */; };
		AE17226B15594CF20055A83D /* DemsyOfficeRootView.xib in Resources */ = {isa = PBXBuildFile; fileRef = AE17226A15594CF20055A83D /* DemsyOfficeRootView.xib */; };
		AE17226D15595B500055A83D /* DemsyMoreRootView.xib in Resources */ = {isa = PBXBuildFile; fileRef = AE17226C15595B500055A83D /* DemsyMoreRootView.xib */; };
		AE83F1941558F14600C83433 /* DemsyTableController.m in Sources */ = {isa = PBXBuildFile; fileRef = AE83F1931558F14600C83433 /* DemsyTableController.m */; };
		AE842E261557BD8E00BBE1DC /* DemsyProductRootView.xib in Resources */ = {isa = PBXBuildFile; fileRef = AE842E251557BD8E00BBE1DC /* DemsyProductRootView.xib */; };
		AE842E291557BDAB00BBE1DC /* DemsyProductTableView.xib in Resources */ = {isa = PBXBuildFile; fileRef = AE842E281557BDAB00BBE1DC /* DemsyProductTableView.xib */; };
		AE842E2B1557BDC200BBE1DC /* DemsyProductDetailView.xib in Resources */ = {isa = PBXBuildFile; fileRef = AE842E2A1557BDC200BBE1DC /* DemsyProductDetailView.xib */; };
		AE842E2E1557BDEB00BBE1DC /* DemsyProductRootController.m in Sources */ = {isa = PBXBuildFile; fileRef = AE842E2D1557BDEB00BBE1DC /* DemsyProductRootController.m */; };
		AE842E311557BDFC00BBE1DC /* DemsyProductTableController.m in Sources */ = {isa = PBXBuildFile; fileRef = AE842E301557BDFC00BBE1DC /* DemsyProductTableController.m */; };
		AE842E341557BE0C00BBE1DC /* DemsyProductDetailController.m in Sources */ = {isa = PBXBuildFile; fileRef = AE842E331557BE0C00BBE1DC /* DemsyProductDetailController.m */; };
		AE842E3A1557BF7F00BBE1DC /* DemsyProduct.m in Sources */ = {isa = PBXBuildFile; fileRef = AE842E391557BF7F00BBE1DC /* DemsyProduct.m */; };
		AE842E3C1557CA4100BBE1DC /* DemsyProductTableCell.xib in Resources */ = {isa = PBXBuildFile; fileRef = AE842E3B1557CA4100BBE1DC /* DemsyProductTableCell.xib */; };
		AE9B2DA5155524D1005ABB10 /* UIKit.framework in Frameworks */ = {isa = PBXBuildFile; fileRef = AE9B2DA4155524D1005ABB10 /* UIKit.framework */; };
		AE9B2DA7155524D1005ABB10 /* Foundation.framework in Frameworks */ = {isa = PBXBuildFile; fileRef = AE9B2DA6155524D1005ABB10 /* Foundation.framework */; };
		AE9B2DA9155524D1005ABB10 /* CoreGraphics.framework in Frameworks */ = {isa = PBXBuildFile; fileRef = AE9B2DA8155524D1005ABB10 /* CoreGraphics.framework */; };
		AE9B2DAF155524D1005ABB10 /* InfoPlist.strings in Resources */ = {isa = PBXBuildFile; fileRef = AE9B2DAD155524D1005ABB10 /* InfoPlist.strings */; };
		AE9B2DB1155524D1005ABB10 /* main.m in Sources */ = {isa = PBXBuildFile; fileRef = AE9B2DB0155524D1005ABB10 /* main.m */; };
		AE9B2DB5155524D1005ABB10 /* DemsyAppDelegate.m in Sources */ = {isa = PBXBuildFile; fileRef = AE9B2DB4155524D1005ABB10 /* DemsyAppDelegate.m */; };
		AE9B2DE015552501005ABB10 /* DemsyAsyncImageView.m in Sources */ = {isa = PBXBuildFile; fileRef = AE9B2DBD15552501005ABB10 /* DemsyAsyncImageView.m */; };
		AE9B2DE115552501005ABB10 /* DemsyUtils.m in Sources */ = {isa = PBXBuildFile; fileRef = AE9B2DBF15552501005ABB10 /* DemsyUtils.m */; };
		AE9B2DE215552501005ABB10 /* DemsyAsynURLController.m in Sources */ = {isa = PBXBuildFile; fileRef = AE9B2DC215552501005ABB10 /* DemsyAsynURLController.m */; };
		AE9B2DE315552501005ABB10 /* DemsyWebInfoDetailController.m in Sources */ = {isa = PBXBuildFile; fileRef = AE9B2DC415552501005ABB10 /* DemsyWebInfoDetailController.m */; };
		AE9B2DE415552501005ABB10 /* DemsyWebInfoRootController.m in Sources */ = {isa = PBXBuildFile; fileRef = AE9B2DC615552501005ABB10 /* DemsyWebInfoRootController.m */; };
		AE9B2DE515552501005ABB10 /* DemsyWebInfoTableController.m in Sources */ = {isa = PBXBuildFile; fileRef = AE9B2DC815552501005ABB10 /* DemsyWebInfoTableController.m */; };
		AE9B2DE615552501005ABB10 /* DemsyWebInfo.m in Sources */ = {isa = PBXBuildFile; fileRef = AE9B2DCB15552501005ABB10 /* DemsyWebInfo.m */; };
		AE9B2DE715552501005ABB10 /* bbs.png in Resources */ = {isa = PBXBuildFile; fileRef = AE9B2DCD15552501005ABB10 /* bbs.png */; };
		AE9B2DE815552501005ABB10 /* Default.png in Resources */ = {isa = PBXBuildFile; fileRef = AE9B2DCE15552501005ABB10 /* Default.png */; };
		AE9B2DE915552501005ABB10 /* Default@2x.png in Resources */ = {isa = PBXBuildFile; fileRef = AE9B2DCF15552501005ABB10 /* Default@2x.png */; };
		AE9B2DEA15552501005ABB10 /* Icon-72.png in Resources */ = {isa = PBXBuildFile; fileRef = AE9B2DD015552501005ABB10 /* Icon-72.png */; };
		AE9B2DEB15552501005ABB10 /* Icon-Small-50.png in Resources */ = {isa = PBXBuildFile; fileRef = AE9B2DD115552501005ABB10 /* Icon-Small-50.png */; };
		AE9B2DEC15552501005ABB10 /* Icon-Small.png in Resources */ = {isa = PBXBuildFile; fileRef = AE9B2DD215552501005ABB10 /* Icon-Small.png */; };
		AE9B2DED15552501005ABB10 /* Icon-Small@2x.png in Resources */ = {isa = PBXBuildFile; fileRef = AE9B2DD315552501005ABB10 /* Icon-Small@2x.png */; };
		AE9B2DEE15552501005ABB10 /* Icon.png in Resources */ = {isa = PBXBuildFile; fileRef = AE9B2DD415552501005ABB10 /* Icon.png */; };
		AE9B2DEF15552501005ABB10 /* Icon@2x.png in Resources */ = {isa = PBXBuildFile; fileRef = AE9B2DD515552501005ABB10 /* Icon@2x.png */; };
		AE9B2DF015552501005ABB10 /* news.png in Resources */ = {isa = PBXBuildFile; fileRef = AE9B2DD615552501005ABB10 /* news.png */; };
		AE9B2DF115552501005ABB10 /* office.png in Resources */ = {isa = PBXBuildFile; fileRef = AE9B2DD715552501005ABB10 /* office.png */; };
		AE9B2DF215552501005ABB10 /* other.png in Resources */ = {isa = PBXBuildFile; fileRef = AE9B2DD815552501005ABB10 /* other.png */; };
		AE9B2DF315552501005ABB10 /* product.png in Resources */ = {isa = PBXBuildFile; fileRef = AE9B2DD915552501005ABB10 /* product.png */; };
		AE9B2DF415552501005ABB10 /* DemsyMainWindow.xib in Resources */ = {isa = PBXBuildFile; fileRef = AE9B2DDB15552501005ABB10 /* DemsyMainWindow.xib */; };
		AE9B2DF515552501005ABB10 /* DemsyWebInfoDetailView.xib in Resources */ = {isa = PBXBuildFile; fileRef = AE9B2DDC15552501005ABB10 /* DemsyWebInfoDetailView.xib */; };
		AE9B2DF615552501005ABB10 /* DemsyWebInfoRootView.xib in Resources */ = {isa = PBXBuildFile; fileRef = AE9B2DDD15552501005ABB10 /* DemsyWebInfoRootView.xib */; };
		AE9B2DF715552501005ABB10 /* DemsyWebInfoTableCell.xib in Resources */ = {isa = PBXBuildFile; fileRef = AE9B2DDE15552501005ABB10 /* DemsyWebInfoTableCell.xib */; };
		AE9B2DF815552501005ABB10 /* DemsyWebInfoTableView.xib in Resources */ = {isa = PBXBuildFile; fileRef = AE9B2DDF15552501005ABB10 /* DemsyWebInfoTableView.xib */; };
/* End PBXBuildFile section */

/* Begin PBXFileReference section */
		AE172255155945CA0055A83D /* DemsyBbsRootView.xib */ = {isa = PBXFileReference; fileEncoding = 4; lastKnownFileType = file.xib; path = DemsyBbsRootView.xib; sourceTree = "<group>"; };
		AE172258155945DE0055A83D /* DemsyBbsTableView.xib */ = {isa = PBXFileReference; fileEncoding = 4; lastKnownFileType = file.xib; path = DemsyBbsTableView.xib; sourceTree = "<group>"; };
		AE17225A155945F10055A83D /* DemsyBbsReplyTableView.xib */ = {isa = PBXFileReference; fileEncoding = 4; lastKnownFileType = file.xib; path = DemsyBbsReplyTableView.xib; sourceTree = "<group>"; };
		AE17225C155946410055A83D /* DemsyBbsRootController.h */ = {isa = PBXFileReference; fileEncoding = 4; lastKnownFileType = sourcecode.c.h; path = DemsyBbsRootController.h; sourceTree = "<group>"; };
		AE17225D155946410055A83D /* DemsyBbsRootController.m */ = {isa = PBXFileReference; fileEncoding = 4; lastKnownFileType = sourcecode.c.objc; path = DemsyBbsRootController.m; sourceTree = "<group>"; };
		AE17225F155946B50055A83D /* DemsyBbsTableController.h */ = {isa = PBXFileReference; fileEncoding = 4; lastKnownFileType = sourcecode.c.h; path = DemsyBbsTableController.h; sourceTree = "<group>"; };
		AE172260155946B50055A83D /* DemsyBbsTableController.m */ = {isa = PBXFileReference; fileEncoding = 4; lastKnownFileType = sourcecode.c.objc; path = DemsyBbsTableController.m; sourceTree = "<group>"; };
		AE1722621559470B0055A83D /* DemsyBbsReplyTableController.h */ = {isa = PBXFileReference; fileEncoding = 4; lastKnownFileType = sourcecode.c.h; path = DemsyBbsReplyTableController.h; sourceTree = "<group>"; };
		AE1722631559470B0055A83D /* DemsyBbsReplyTableController.m */ = {isa = PBXFileReference; fileEncoding = 4; lastKnownFileType = sourcecode.c.objc; path = DemsyBbsReplyTableController.m; sourceTree = "<group>"; };
		AE1722651559473E0055A83D /* DemsyBbs.h */ = {isa = PBXFileReference; fileEncoding = 4; lastKnownFileType = sourcecode.c.h; path = DemsyBbs.h; sourceTree = "<group>"; };
		AE1722661559473E0055A83D /* DemsyBbs.m */ = {isa = PBXFileReference; fileEncoding = 4; lastKnownFileType = sourcecode.c.objc; path = DemsyBbs.m; sourceTree = "<group>"; };
		AE17226815594BB40055A83D /* DemsyBbsTableCell.xib */ = {isa = PBXFileReference; fileEncoding = 4; lastKnownFileType = file.xib; path = DemsyBbsTableCell.xib; sourceTree = "<group>"; };
		AE17226A15594CF20055A83D /* DemsyOfficeRootView.xib */ = {isa = PBXFileReference; fileEncoding = 4; lastKnownFileType = file.xib; path = DemsyOfficeRootView.xib; sourceTree = "<group>"; };
		AE17226C15595B500055A83D /* DemsyMoreRootView.xib */ = {isa = PBXFileReference; fileEncoding = 4; lastKnownFileType = file.xib; path = DemsyMoreRootView.xib; sourceTree = "<group>"; };
		AE83F1921558F14600C83433 /* DemsyTableController.h */ = {isa = PBXFileReference; fileEncoding = 4; lastKnownFileType = sourcecode.c.h; path = DemsyTableController.h; sourceTree = "<group>"; };
		AE83F1931558F14600C83433 /* DemsyTableController.m */ = {isa = PBXFileReference; fileEncoding = 4; lastKnownFileType = sourcecode.c.objc; path = DemsyTableController.m; sourceTree = "<group>"; };
		AE842E251557BD8E00BBE1DC /* DemsyProductRootView.xib */ = {isa = PBXFileReference; fileEncoding = 4; lastKnownFileType = file.xib; path = DemsyProductRootView.xib; sourceTree = "<group>"; };
		AE842E281557BDAB00BBE1DC /* DemsyProductTableView.xib */ = {isa = PBXFileReference; fileEncoding = 4; lastKnownFileType = file.xib; path = DemsyProductTableView.xib; sourceTree = "<group>"; };
		AE842E2A1557BDC200BBE1DC /* DemsyProductDetailView.xib */ = {isa = PBXFileReference; fileEncoding = 4; lastKnownFileType = file.xib; path = DemsyProductDetailView.xib; sourceTree = "<group>"; };
		AE842E2C1557BDEB00BBE1DC /* DemsyProductRootController.h */ = {isa = PBXFileReference; fileEncoding = 4; lastKnownFileType = sourcecode.c.h; path = DemsyProductRootController.h; sourceTree = "<group>"; };
		AE842E2D1557BDEB00BBE1DC /* DemsyProductRootController.m */ = {isa = PBXFileReference; fileEncoding = 4; lastKnownFileType = sourcecode.c.objc; path = DemsyProductRootController.m; sourceTree = "<group>"; };
		AE842E2F1557BDFC00BBE1DC /* DemsyProductTableController.h */ = {isa = PBXFileReference; fileEncoding = 4; lastKnownFileType = sourcecode.c.h; path = DemsyProductTableController.h; sourceTree = "<group>"; };
		AE842E301557BDFC00BBE1DC /* DemsyProductTableController.m */ = {isa = PBXFileReference; fileEncoding = 4; lastKnownFileType = sourcecode.c.objc; path = DemsyProductTableController.m; sourceTree = "<group>"; };
		AE842E321557BE0C00BBE1DC /* DemsyProductDetailController.h */ = {isa = PBXFileReference; fileEncoding = 4; lastKnownFileType = sourcecode.c.h; path = DemsyProductDetailController.h; sourceTree = "<group>"; };
		AE842E331557BE0C00BBE1DC /* DemsyProductDetailController.m */ = {isa = PBXFileReference; fileEncoding = 4; lastKnownFileType = sourcecode.c.objc; path = DemsyProductDetailController.m; sourceTree = "<group>"; };
		AE842E381557BF7F00BBE1DC /* DemsyProduct.h */ = {isa = PBXFileReference; fileEncoding = 4; lastKnownFileType = sourcecode.c.h; path = DemsyProduct.h; sourceTree = "<group>"; };
		AE842E391557BF7F00BBE1DC /* DemsyProduct.m */ = {isa = PBXFileReference; fileEncoding = 4; lastKnownFileType = sourcecode.c.objc; path = DemsyProduct.m; sourceTree = "<group>"; };
		AE842E3B1557CA4100BBE1DC /* DemsyProductTableCell.xib */ = {isa = PBXFileReference; fileEncoding = 4; lastKnownFileType = file.xib; path = DemsyProductTableCell.xib; sourceTree = "<group>"; };
		AE9B2DA0155524D1005ABB10 /* iDemsyYnby.app */ = {isa = PBXFileReference; explicitFileType = wrapper.application; includeInIndex = 0; path = iDemsyYnby.app; sourceTree = BUILT_PRODUCTS_DIR; };
		AE9B2DA4155524D1005ABB10 /* UIKit.framework */ = {isa = PBXFileReference; lastKnownFileType = wrapper.framework; name = UIKit.framework; path = System/Library/Frameworks/UIKit.framework; sourceTree = SDKROOT; };
		AE9B2DA6155524D1005ABB10 /* Foundation.framework */ = {isa = PBXFileReference; lastKnownFileType = wrapper.framework; name = Foundation.framework; path = System/Library/Frameworks/Foundation.framework; sourceTree = SDKROOT; };
		AE9B2DA8155524D1005ABB10 /* CoreGraphics.framework */ = {isa = PBXFileReference; lastKnownFileType = wrapper.framework; name = CoreGraphics.framework; path = System/Library/Frameworks/CoreGraphics.framework; sourceTree = SDKROOT; };
		AE9B2DAC155524D1005ABB10 /* iDemsyYnby-Info.plist */ = {isa = PBXFileReference; path = "iDemsyYnby-Info.plist"; sourceTree = "<group>"; };
		AE9B2DAE155524D1005ABB10 /* en */ = {isa = PBXFileReference; lastKnownFileType = text.plist.strings; name = en; path = en.lproj/InfoPlist.strings; sourceTree = "<group>"; };
		AE9B2DB0155524D1005ABB10 /* main.m */ = {isa = PBXFileReference; lastKnownFileType = sourcecode.c.objc; path = main.m; sourceTree = "<group>"; };
		AE9B2DB2155524D1005ABB10 /* iDemsyYnby-Prefix.pch */ = {isa = PBXFileReference; path = "iDemsyYnby-Prefix.pch"; sourceTree = "<group>"; };
		AE9B2DB3155524D1005ABB10 /* DemsyAppDelegate.h */ = {isa = PBXFileReference; lastKnownFileType = sourcecode.c.h; path = DemsyAppDelegate.h; sourceTree = "<group>"; };
		AE9B2DB4155524D1005ABB10 /* DemsyAppDelegate.m */ = {isa = PBXFileReference; lastKnownFileType = sourcecode.c.objc; path = DemsyAppDelegate.m; sourceTree = "<group>"; };
		AE9B2DBC15552501005ABB10 /* DemsyAsyncImageView.h */ = {isa = PBXFileReference; fileEncoding = 4; lastKnownFileType = sourcecode.c.h; path = DemsyAsyncImageView.h; sourceTree = "<group>"; };
		AE9B2DBD15552501005ABB10 /* DemsyAsyncImageView.m */ = {isa = PBXFileReference; fileEncoding = 4; lastKnownFileType = sourcecode.c.objc; path = DemsyAsyncImageView.m; sourceTree = "<group>"; };
		AE9B2DBE15552501005ABB10 /* DemsyUtils.h */ = {isa = PBXFileReference; fileEncoding = 4; lastKnownFileType = sourcecode.c.h; path = DemsyUtils.h; sourceTree = "<group>"; };
		AE9B2DBF15552501005ABB10 /* DemsyUtils.m */ = {isa = PBXFileReference; fileEncoding = 4; lastKnownFileType = sourcecode.c.objc; path = DemsyUtils.m; sourceTree = "<group>"; };
		AE9B2DC115552501005ABB10 /* DemsyAsynURLController.h */ = {isa = PBXFileReference; fileEncoding = 4; lastKnownFileType = sourcecode.c.h; path = DemsyAsynURLController.h; sourceTree = "<group>"; };
		AE9B2DC215552501005ABB10 /* DemsyAsynURLController.m */ = {isa = PBXFileReference; fileEncoding = 4; lastKnownFileType = sourcecode.c.objc; path = DemsyAsynURLController.m; sourceTree = "<group>"; };
		AE9B2DC315552501005ABB10 /* DemsyWebInfoDetailController.h */ = {isa = PBXFileReference; fileEncoding = 4; lastKnownFileType = sourcecode.c.h; path = DemsyWebInfoDetailController.h; sourceTree = "<group>"; };
		AE9B2DC415552501005ABB10 /* DemsyWebInfoDetailController.m */ = {isa = PBXFileReference; fileEncoding = 4; lastKnownFileType = sourcecode.c.objc; path = DemsyWebInfoDetailController.m; sourceTree = "<group>"; };
		AE9B2DC515552501005ABB10 /* DemsyWebInfoRootController.h */ = {isa = PBXFileReference; fileEncoding = 4; lastKnownFileType = sourcecode.c.h; path = DemsyWebInfoRootController.h; sourceTree = "<group>"; };
		AE9B2DC615552501005ABB10 /* DemsyWebInfoRootController.m */ = {isa = PBXFileReference; fileEncoding = 4; lastKnownFileType = sourcecode.c.objc; path = DemsyWebInfoRootController.m; sourceTree = "<group>"; };
		AE9B2DC715552501005ABB10 /* DemsyWebInfoTableController.h */ = {isa = PBXFileReference; fileEncoding = 4; lastKnownFileType = sourcecode.c.h; path = DemsyWebInfoTableController.h; sourceTree = "<group>"; };
		AE9B2DC815552501005ABB10 /* DemsyWebInfoTableController.m */ = {isa = PBXFileReference; fileEncoding = 4; lastKnownFileType = sourcecode.c.objc; path = DemsyWebInfoTableController.m; sourceTree = "<group>"; };
		AE9B2DCA15552501005ABB10 /* DemsyWebInfo.h */ = {isa = PBXFileReference; fileEncoding = 4; lastKnownFileType = sourcecode.c.h; path = DemsyWebInfo.h; sourceTree = "<group>"; };
		AE9B2DCB15552501005ABB10 /* DemsyWebInfo.m */ = {isa = PBXFileReference; fileEncoding = 4; lastKnownFileType = sourcecode.c.objc; path = DemsyWebInfo.m; sourceTree = "<group>"; };
		AE9B2DCD15552501005ABB10 /* bbs.png */ = {isa = PBXFileReference; lastKnownFileType = image.png; path = bbs.png; sourceTree = "<group>"; };
		AE9B2DCE15552501005ABB10 /* Default.png */ = {isa = PBXFileReference; lastKnownFileType = image.png; path = Default.png; sourceTree = "<group>"; };
		AE9B2DCF15552501005ABB10 /* Default@2x.png */ = {isa = PBXFileReference; lastKnownFileType = image.png; path = "Default@2x.png"; sourceTree = "<group>"; };
		AE9B2DD015552501005ABB10 /* Icon-72.png */ = {isa = PBXFileReference; lastKnownFileType = image.png; path = "Icon-72.png"; sourceTree = "<group>"; };
		AE9B2DD115552501005ABB10 /* Icon-Small-50.png */ = {isa = PBXFileReference; lastKnownFileType = image.png; path = "Icon-Small-50.png"; sourceTree = "<group>"; };
		AE9B2DD215552501005ABB10 /* Icon-Small.png */ = {isa = PBXFileReference; lastKnownFileType = image.png; path = "Icon-Small.png"; sourceTree = "<group>"; };
		AE9B2DD315552501005ABB10 /* Icon-Small@2x.png */ = {isa = PBXFileReference; lastKnownFileType = image.png; path = "Icon-Small@2x.png"; sourceTree = "<group>"; };
		AE9B2DD415552501005ABB10 /* Icon.png */ = {isa = PBXFileReference; lastKnownFileType = image.png; path = Icon.png; sourceTree = "<group>"; };
		AE9B2DD515552501005ABB10 /* Icon@2x.png */ = {isa = PBXFileReference; lastKnownFileType = image.png; path = "Icon@2x.png"; sourceTree = "<group>"; };
		AE9B2DD615552501005ABB10 /* news.png */ = {isa = PBXFileReference; lastKnownFileType = image.png; path = news.png; sourceTree = "<group>"; };
		AE9B2DD715552501005ABB10 /* office.png */ = {isa = PBXFileReference; lastKnownFileType = image.png; path = office.png; sourceTree = "<group>"; };
		AE9B2DD815552501005ABB10 /* other.png */ = {isa = PBXFileReference; lastKnownFileType = image.png; path = other.png; sourceTree = "<group>"; };
		AE9B2DD915552501005ABB10 /* product.png */ = {isa = PBXFileReference; lastKnownFileType = image.png; path = product.png; sourceTree = "<group>"; };
		AE9B2DDB15552501005ABB10 /* DemsyMainWindow.xib */ = {isa = PBXFileReference; fileEncoding = 4; lastKnownFileType = file.xib; path = DemsyMainWindow.xib; sourceTree = "<group>"; };
		AE9B2DDC15552501005ABB10 /* DemsyWebInfoDetailView.xib */ = {isa = PBXFileReference; fileEncoding = 4; lastKnownFileType = file.xib; path = DemsyWebInfoDetailView.xib; sourceTree = "<group>"; };
		AE9B2DDD15552501005ABB10 /* DemsyWebInfoRootView.xib */ = {isa = PBXFileReference; fileEncoding = 4; lastKnownFileType = file.xib; path = DemsyWebInfoRootView.xib; sourceTree = "<group>"; };
		AE9B2DDE15552501005ABB10 /* DemsyWebInfoTableCell.xib */ = {isa = PBXFileReference; fileEncoding = 4; lastKnownFileType = file.xib; path = DemsyWebInfoTableCell.xib; sourceTree = "<group>"; };
		AE9B2DDF15552501005ABB10 /* DemsyWebInfoTableView.xib */ = {isa = PBXFileReference; fileEncoding = 4; lastKnownFileType = file.xib; path = DemsyWebInfoTableView.xib; sourceTree = "<group>"; };
/* End PBXFileReference section */

/* Begin PBXFrameworksBuildPhase section */
		AE9B2D9D155524D1005ABB10 /* Frameworks */ = {
			isa = PBXFrameworksBuildPhase;
			buildActionMask = 2147483647;
			files = (
				AE9B2DA5155524D1005ABB10 /* UIKit.framework in Frameworks */,
				AE9B2DA7155524D1005ABB10 /* Foundation.framework in Frameworks */,
				AE9B2DA9155524D1005ABB10 /* CoreGraphics.framework in Frameworks */,
			);
			runOnlyForDeploymentPostprocessing = 0;
		};
/* End PBXFrameworksBuildPhase section */

/* Begin PBXGroup section */
		AE9B2D95155524D1005ABB10 = {
			isa = PBXGroup;
			children = (
				AE9B2DCC15552501005ABB10 /* Resources */,
				AE9B2DBB15552501005ABB10 /* Classes */,
				AE9B2DC915552501005ABB10 /* Models */,
				AE9B2DDA15552501005ABB10 /* Views */,
				AE9B2DC015552501005ABB10 /* Controllers */,
				AE9B2DAA155524D1005ABB10 /* iDemsyYnby */,
				AE9B2DA3155524D1005ABB10 /* Frameworks */,
				AE9B2DA1155524D1005ABB10 /* Products */,
			);
			sourceTree = "<group>";
		};
		AE9B2DA1155524D1005ABB10 /* Products */ = {
			isa = PBXGroup;
			children = (
				AE9B2DA0155524D1005ABB10 /* iDemsyYnby.app */,
			);
			name = Products;
			sourceTree = "<group>";
		};
		AE9B2DA3155524D1005ABB10 /* Frameworks */ = {
			isa = PBXGroup;
			children = (
				AE9B2DA4155524D1005ABB10 /* UIKit.framework */,
				AE9B2DA6155524D1005ABB10 /* Foundation.framework */,
				AE9B2DA8155524D1005ABB10 /* CoreGraphics.framework */,
			);
			name = Frameworks;
			sourceTree = "<group>";
		};
		AE9B2DAA155524D1005ABB10 /* iDemsyYnby */ = {
			isa = PBXGroup;
			children = (
				AE9B2DB3155524D1005ABB10 /* DemsyAppDelegate.h */,
				AE9B2DB4155524D1005ABB10 /* DemsyAppDelegate.m */,
				AE9B2DAB155524D1005ABB10 /* Supporting Files */,
			);
			path = iDemsyYnby;
			sourceTree = "<group>";
		};
		AE9B2DAB155524D1005ABB10 /* Supporting Files */ = {
			isa = PBXGroup;
			children = (
				AE9B2DAC155524D1005ABB10 /* iDemsyYnby-Info.plist */,
				AE9B2DAD155524D1005ABB10 /* InfoPlist.strings */,
				AE9B2DB0155524D1005ABB10 /* main.m */,
				AE9B2DB2155524D1005ABB10 /* iDemsyYnby-Prefix.pch */,
			);
			name = "Supporting Files";
			sourceTree = "<group>";
		};
		AE9B2DBB15552501005ABB10 /* Classes */ = {
			isa = PBXGroup;
			children = (
				AE9B2DBC15552501005ABB10 /* DemsyAsyncImageView.h */,
				AE9B2DBD15552501005ABB10 /* DemsyAsyncImageView.m */,
				AE9B2DBE15552501005ABB10 /* DemsyUtils.h */,
				AE9B2DBF15552501005ABB10 /* DemsyUtils.m */,
			);
			path = Classes;
			sourceTree = "<group>";
		};
		AE9B2DC015552501005ABB10 /* Controllers */ = {
			isa = PBXGroup;
			children = (
				AE9B2DC115552501005ABB10 /* DemsyAsynURLController.h */,
				AE9B2DC215552501005ABB10 /* DemsyAsynURLController.m */,
				AE1722621559470B0055A83D /* DemsyBbsReplyTableController.h */,
				AE1722631559470B0055A83D /* DemsyBbsReplyTableController.m */,
				AE17225C155946410055A83D /* DemsyBbsRootController.h */,
				AE17225D155946410055A83D /* DemsyBbsRootController.m */,
				AE17225F155946B50055A83D /* DemsyBbsTableController.h */,
				AE172260155946B50055A83D /* DemsyBbsTableController.m */,
				AE842E321557BE0C00BBE1DC /* DemsyProductDetailController.h */,
				AE842E331557BE0C00BBE1DC /* DemsyProductDetailController.m */,
				AE842E2C1557BDEB00BBE1DC /* DemsyProductRootController.h */,
				AE842E2D1557BDEB00BBE1DC /* DemsyProductRootController.m */,
				AE842E2F1557BDFC00BBE1DC /* DemsyProductTableController.h */,
				AE842E301557BDFC00BBE1DC /* DemsyProductTableController.m */,
				AE83F1921558F14600C83433 /* DemsyTableController.h */,
				AE83F1931558F14600C83433 /* DemsyTableController.m */,
				AE9B2DC315552501005ABB10 /* DemsyWebInfoDetailController.h */,
				AE9B2DC415552501005ABB10 /* DemsyWebInfoDetailController.m */,
				AE9B2DC515552501005ABB10 /* DemsyWebInfoRootController.h */,
				AE9B2DC615552501005ABB10 /* DemsyWebInfoRootController.m */,
				AE9B2DC715552501005ABB10 /* DemsyWebInfoTableController.h */,
				AE9B2DC815552501005ABB10 /* DemsyWebInfoTableController.m */,
			);
			path = Controllers;
			sourceTree = "<group>";
		};
		AE9B2DC915552501005ABB10 /* Models */ = {
			isa = PBXGroup;
			children = (
				AE842E381557BF7F00BBE1DC /* DemsyProduct.h */,
				AE842E391557BF7F00BBE1DC /* DemsyProduct.m */,
				AE9B2DCA15552501005ABB10 /* DemsyWebInfo.h */,
				AE9B2DCB15552501005ABB10 /* DemsyWebInfo.m */,
				AE1722651559473E0055A83D /* DemsyBbs.h */,
				AE1722661559473E0055A83D /* DemsyBbs.m */,
			);
			path = Models;
			sourceTree = "<group>";
		};
		AE9B2DCC15552501005ABB10 /* Resources */ = {
			isa = PBXGroup;
			children = (
				AE9B2DCD15552501005ABB10 /* bbs.png */,
				AE9B2DCE15552501005ABB10 /* Default.png */,
				AE9B2DCF15552501005ABB10 /* Default@2x.png */,
				AE9B2DD015552501005ABB10 /* Icon-72.png */,
				AE9B2DD115552501005ABB10 /* Icon-Small-50.png */,
				AE9B2DD215552501005ABB10 /* Icon-Small.png */,
				AE9B2DD315552501005ABB10 /* Icon-Small@2x.png */,
				AE9B2DD415552501005ABB10 /* Icon.png */,
				AE9B2DD515552501005ABB10 /* Icon@2x.png */,
				AE9B2DD615552501005ABB10 /* news.png */,
				AE9B2DD715552501005ABB10 /* office.png */,
				AE9B2DD815552501005ABB10 /* other.png */,
				AE9B2DD915552501005ABB10 /* product.png */,
			);
			path = Resources;
			sourceTree = "<group>";
		};
		AE9B2DDA15552501005ABB10 /* Views */ = {
			isa = PBXGroup;
			children = (
				AE17225A155945F10055A83D /* DemsyBbsReplyTableView.xib */,
				AE172255155945CA0055A83D /* DemsyBbsRootView.xib */,
				AE17226815594BB40055A83D /* DemsyBbsTableCell.xib */,
				AE172258155945DE0055A83D /* DemsyBbsTableView.xib */,
				AE9B2DDB15552501005ABB10 /* DemsyMainWindow.xib */,
				AE842E2A1557BDC200BBE1DC /* DemsyProductDetailView.xib */,
				AE842E251557BD8E00BBE1DC /* DemsyProductRootView.xib */,
				AE842E3B1557CA4100BBE1DC /* DemsyProductTableCell.xib */,
				AE842E281557BDAB00BBE1DC /* DemsyProductTableView.xib */,
				AE9B2DDC15552501005ABB10 /* DemsyWebInfoDetailView.xib */,
				AE9B2DDD15552501005ABB10 /* DemsyWebInfoRootView.xib */,
				AE9B2DDE15552501005ABB10 /* DemsyWebInfoTableCell.xib */,
				AE9B2DDF15552501005ABB10 /* DemsyWebInfoTableView.xib */,
				AE17226A15594CF20055A83D /* DemsyOfficeRootView.xib */,
				AE17226C15595B500055A83D /* DemsyMoreRootView.xib */,
			);
			path = Views;
			sourceTree = "<group>";
		};
/* End PBXGroup section */

/* Begin PBXNativeTarget section */
		AE9B2D9F155524D1005ABB10 /* iDemsyYnby */ = {
			isa = PBXNativeTarget;
			buildConfigurationList = AE9B2DB8155524D1005ABB10 /* Build configuration list for PBXNativeTarget "iDemsyYnby" */;
			buildPhases = (
				AE9B2D9C155524D1005ABB10 /* Sources */,
				AE9B2D9D155524D1005ABB10 /* Frameworks */,
				AE9B2D9E155524D1005ABB10 /* Resources */,
			);
			buildRules = (
			);
			dependencies = (
			);
			name = iDemsyYnby;
			productName = iDemsyYnby;
			productReference = AE9B2DA0155524D1005ABB10 /* iDemsyYnby.app */;
			productType = "com.apple.product-type.application";
		};
/* End PBXNativeTarget section */

/* Begin PBXProject section */
		AE9B2D97155524D1005ABB10 /* Project object */ = {
			isa = PBXProject;
			attributes = {
				CLASSPREFIX = Demsy;
				LastUpgradeCheck = 0430;
			};
			buildConfigurationList = AE9B2D9A155524D1005ABB10 /* Build configuration list for PBXProject "iDemsyYnby" */;
			compatibilityVersion = "Xcode 3.2";
			developmentRegion = English;
			hasScannedForEncodings = 0;
			knownRegions = (
				en,
			);
			mainGroup = AE9B2D95155524D1005ABB10;
			productRefGroup = AE9B2DA1155524D1005ABB10 /* Products */;
			projectDirPath = "";
			projectRoot = "";
			targets = (
				AE9B2D9F155524D1005ABB10 /* iDemsyYnby */,
			);
		};
/* End PBXProject section */

/* Begin PBXResourcesBuildPhase section */
		AE9B2D9E155524D1005ABB10 /* Resources */ = {
			isa = PBXResourcesBuildPhase;
			buildActionMask = 2147483647;
			files = (
				AE9B2DAF155524D1005ABB10 /* InfoPlist.strings in Resources */,
				AE9B2DE715552501005ABB10 /* bbs.png in Resources */,
				AE9B2DE815552501005ABB10 /* Default.png in Resources */,
				AE9B2DE915552501005ABB10 /* Default@2x.png in Resources */,
				AE9B2DEA15552501005ABB10 /* Icon-72.png in Resources */,
				AE9B2DEB15552501005ABB10 /* Icon-Small-50.png in Resources */,
				AE9B2DEC15552501005ABB10 /* Icon-Small.png in Resources */,
				AE9B2DED15552501005ABB10 /* Icon-Small@2x.png in Resources */,
				AE9B2DEE15552501005ABB10 /* Icon.png in Resources */,
				AE9B2DEF15552501005ABB10 /* Icon@2x.png in Resources */,
				AE9B2DF015552501005ABB10 /* news.png in Resources */,
				AE9B2DF115552501005ABB10 /* office.png in Resources */,
				AE9B2DF215552501005ABB10 /* other.png in Resources */,
				AE9B2DF315552501005ABB10 /* product.png in Resources */,
				AE9B2DF415552501005ABB10 /* DemsyMainWindow.xib in Resources */,
				AE9B2DF515552501005ABB10 /* DemsyWebInfoDetailView.xib in Resources */,
				AE9B2DF615552501005ABB10 /* DemsyWebInfoRootView.xib in Resources */,
				AE9B2DF715552501005ABB10 /* DemsyWebInfoTableCell.xib in Resources */,
				AE9B2DF815552501005ABB10 /* DemsyWebInfoTableView.xib in Resources */,
				AE842E261557BD8E00BBE1DC /* DemsyProductRootView.xib in Resources */,
				AE842E291557BDAB00BBE1DC /* DemsyProductTableView.xib in Resources */,
				AE842E2B1557BDC200BBE1DC /* DemsyProductDetailView.xib in Resources */,
				AE842E3C1557CA4100BBE1DC /* DemsyProductTableCell.xib in Resources */,
				AE172256155945CA0055A83D /* DemsyBbsRootView.xib in Resources */,
				AE172259155945DE0055A83D /* DemsyBbsTableView.xib in Resources */,
				AE17225B155945F10055A83D /* DemsyBbsReplyTableView.xib in Resources */,
				AE17226915594BB40055A83D /* DemsyBbsTableCell.xib in Resources */,
				AE17226B15594CF20055A83D /* DemsyOfficeRootView.xib in Resources */,
				AE17226D15595B500055A83D /* DemsyMoreRootView.xib in Resources */,
			);
			runOnlyForDeploymentPostprocessing = 0;
		};
/* End PBXResourcesBuildPhase section */

/* Begin PBXSourcesBuildPhase section */
		AE9B2D9C155524D1005ABB10 /* Sources */ = {
			isa = PBXSourcesBuildPhase;
			buildActionMask = 2147483647;
			files = (
				AE9B2DB1155524D1005ABB10 /* main.m in Sources */,
				AE9B2DB5155524D1005ABB10 /* DemsyAppDelegate.m in Sources */,
				AE9B2DE015552501005ABB10 /* DemsyAsyncImageView.m in Sources */,
				AE9B2DE115552501005ABB10 /* DemsyUtils.m in Sources */,
				AE9B2DE215552501005ABB10 /* DemsyAsynURLController.m in Sources */,
				AE9B2DE315552501005ABB10 /* DemsyWebInfoDetailController.m in Sources */,
				AE9B2DE415552501005ABB10 /* DemsyWebInfoRootController.m in Sources */,
				AE9B2DE515552501005ABB10 /* DemsyWebInfoTableController.m in Sources */,
				AE9B2DE615552501005ABB10 /* DemsyWebInfo.m in Sources */,
				AE842E2E1557BDEB00BBE1DC /* DemsyProductRootController.m in Sources */,
				AE842E311557BDFC00BBE1DC /* DemsyProductTableController.m in Sources */,
				AE842E341557BE0C00BBE1DC /* DemsyProductDetailController.m in Sources */,
				AE842E3A1557BF7F00BBE1DC /* DemsyProduct.m in Sources */,
				AE83F1941558F14600C83433 /* DemsyTableController.m in Sources */,
				AE17225E155946410055A83D /* DemsyBbsRootController.m in Sources */,
				AE172261155946B50055A83D /* DemsyBbsTableController.m in Sources */,
				AE1722641559470B0055A83D /* DemsyBbsReplyTableController.m in Sources */,
				AE1722671559473E0055A83D /* DemsyBbs.m in Sources */,
			);
			runOnlyForDeploymentPostprocessing = 0;
		};
/* End PBXSourcesBuildPhase section */

/* Begin PBXVariantGroup section */
		AE9B2DAD155524D1005ABB10 /* InfoPlist.strings */ = {
			isa = PBXVariantGroup;
			children = (
				AE9B2DAE155524D1005ABB10 /* en */,
			);
			name = InfoPlist.strings;
			sourceTree = "<group>";
		};
/* End PBXVariantGroup section */

/* Begin XCBuildConfiguration section */
		AE9B2DB6155524D1005ABB10 /* Debug */ = {
			isa = XCBuildConfiguration;
			buildSettings = {
				ALWAYS_SEARCH_USER_PATHS = NO;
				ARCHS = "$(ARCHS_STANDARD_32_BIT)";
				"CODE_SIGN_IDENTITY[sdk=iphoneos*]" = "iPhone Developer";
				COPY_PHASE_STRIP = NO;
				GCC_C_LANGUAGE_STANDARD = gnu99;
				GCC_DYNAMIC_NO_PIC = NO;
				GCC_OPTIMIZATION_LEVEL = 0;
				GCC_PREPROCESSOR_DEFINITIONS = (
					"DEBUG=1",
					"$(inherited)",
				);
				GCC_SYMBOLS_PRIVATE_EXTERN = NO;
				GCC_VERSION = com.apple.compilers.llvm.clang.1_0;
				GCC_WARN_ABOUT_RETURN_TYPE = YES;
				GCC_WARN_UNINITIALIZED_AUTOS = YES;
				GCC_WARN_UNUSED_VARIABLE = YES;
				IPHONEOS_DEPLOYMENT_TARGET = 5.1;
				SDKROOT = iphoneos;
			};
			name = Debug;
		};
		AE9B2DB7155524D1005ABB10 /* Release */ = {
			isa = XCBuildConfiguration;
			buildSettings = {
				ALWAYS_SEARCH_USER_PATHS = NO;
				ARCHS = "$(ARCHS_STANDARD_32_BIT)";
				"CODE_SIGN_IDENTITY[sdk=iphoneos*]" = "iPhone Developer";
				COPY_PHASE_STRIP = YES;
				GCC_C_LANGUAGE_STANDARD = gnu99;
				GCC_VERSION = com.apple.compilers.llvm.clang.1_0;
				GCC_WARN_ABOUT_RETURN_TYPE = YES;
				GCC_WARN_UNINITIALIZED_AUTOS = YES;
				GCC_WARN_UNUSED_VARIABLE = YES;
				IPHONEOS_DEPLOYMENT_TARGET = 5.1;
				OTHER_CFLAGS = "-DNS_BLOCK_ASSERTIONS=1";
				SDKROOT = iphoneos;
				VALIDATE_PRODUCT = YES;
			};
			name = Release;
		};
		AE9B2DB9155524D1005ABB10 /* Debug */ = {
			isa = XCBuildConfiguration;
			buildSettings = {
				GCC_PRECOMPILE_PREFIX_HEADER = YES;
				GCC_PREFIX_HEADER = "iDemsyYnby/iDemsyYnby-Prefix.pch";
				INFOPLIST_FILE = "iDemsyYnby/iDemsyYnby-Info.plist";
				IPHONEOS_DEPLOYMENT_TARGET = 4.3;
				PRODUCT_NAME = iDemsyYnby;
				WRAPPER_EXTENSION = app;
			};
			name = Debug;
		};
		AE9B2DBA155524D1005ABB10 /* Release */ = {
			isa = XCBuildConfiguration;
			buildSettings = {
				GCC_PRECOMPILE_PREFIX_HEADER = YES;
				GCC_PREFIX_HEADER = "iDemsyYnby/iDemsyYnby-Prefix.pch";
				INFOPLIST_FILE = "iDemsyYnby/iDemsyYnby-Info.plist";
				IPHONEOS_DEPLOYMENT_TARGET = 4.3;
				PRODUCT_NAME = iDemsyYnby;
				WRAPPER_EXTENSION = app;
			};
			name = Release;
		};
/* End XCBuildConfiguration section */

/* Begin XCConfigurationList section */
		AE9B2D9A155524D1005ABB10 /* Build configuration list for PBXProject "iDemsyYnby" */ = {
			isa = XCConfigurationList;
			buildConfigurations = (
				AE9B2DB6155524D1005ABB10 /* Debug */,
				AE9B2DB7155524D1005ABB10 /* Release */,
			);
			defaultConfigurationIsVisible = 0;
			defaultConfigurationName = Release;
		};
		AE9B2DB8155524D1005ABB10 /* Build configuration list for PBXNativeTarget "iDemsyYnby" */ = {
			isa = XCConfigurationList;
			buildConfigurations = (
				AE9B2DB9155524D1005ABB10 /* Debug */,
				AE9B2DBA155524D1005ABB10 /* Release */,
			);
			defaultConfigurationIsVisible = 0;
			defaultConfigurationName = Release;
		};
/* End XCConfigurationList section */
	};
	rootObject = AE9B2D97155524D1005ABB10 /* Project object */;
}
