// !$*UTF8*$!
{
	archiveVersion = 1;
	classes = {
	};
	objectVersion = 46;
	objects = {

/* Begin PBXBuildFile section */
		AE172256155945CA0055A83D /* DemsyBbsRootView.xib in Resources */ = {isa = PBXBuildFile; fileRef = AE172255155945CA0055A83D /* DemsyBbsRootView.xib */; };
		AE172259155945DE0055A83D /* DemsyBbsTableView.xib in Resources */ = {isa = PBXBuildFile; fileRef = AE172258155945DE0055A83D /* DemsyBbsTableView.xib */; };
		AE17225B155945F10055A83D /* DemsyBbsReplyTableView.xib in Resources */ = {isa = PBXBuildFile; fileRef = AE17225A155945F10055A83D /* DemsyBbsReplyTableView.xib */; };
		AE17225E155946410055A83D /* DemsyBbsRootController.m in Sources */ = {isa = PBXBuildFile; fileRef = AE17225D155946410055A83D /* DemsyBbsRootController.m */; };
		AE172261155946B50055A83D /* DemsyBbsTableController.m in Sources */ = {isa = PBXBuildFile; fileRef = AE172260155946B50055A83D /* DemsyBbsTableController.m */; };
		AE1722641559470B0055A83D /* DemsyBbsReplyTableController.m in Sources */ = {isa = PBXBuildFile; fileRef = AE1722631559470B0055A83D /* DemsyBbsReplyTableController.m */; };
		AE1722671559473E0055A83D /* DemsyBbs.m in Sources */ = {isa = PBXBuildFile; fileRef = AE1722661559473E0055A83D /* DemsyBbs.m */; };
		AE17226915594BB40055A83D /* DemsyBbsTableCell.xib in Resources */ = {isa = PBXBuildFile; fileRef = AE17226815594BB40055A83D /* DemsyBbsTableCell.xib */; };
		AE17226B15594CF20055A83D /* DemsyOfficeRootView.xib in Resources */ = {isa = PBXBuildFile; fileRef = AE17226A15594CF20055A83D /* DemsyOfficeRootView.xib */; };
		AE17226D15595B500055A83D /* DemsyMoreRootView.xib in Resources */ = {isa = PBXBuildFile; fileRef = AE17226C15595B500055A83D /* DemsyMoreRootView.xib */; };
		AE1D738D16F6093C008FE6D7 /* Three20.bundle in Resources */ = {isa = PBXBuildFile; fileRef = AE1D738C16F6093C008FE6D7 /* Three20.bundle */; };
		AE83F1941558F14600C83433 /* DemsyTableController.m in Sources */ = {isa = PBXBuildFile; fileRef = AE83F1931558F14600C83433 /* DemsyTableController.m */; };
		AE842E261557BD8E00BBE1DC /* DemsyProductRootView.xib in Resources */ = {isa = PBXBuildFile; fileRef = AE842E251557BD8E00BBE1DC /* DemsyProductRootView.xib */; };
		AE842E291557BDAB00BBE1DC /* DemsyProductTableView.xib in Resources */ = {isa = PBXBuildFile; fileRef = AE842E281557BDAB00BBE1DC /* DemsyProductTableView.xib */; };
		AE842E2B1557BDC200BBE1DC /* DemsyProductDetailView.xib in Resources */ = {isa = PBXBuildFile; fileRef = AE842E2A1557BDC200BBE1DC /* DemsyProductDetailView.xib */; };
		AE842E2E1557BDEB00BBE1DC /* DemsyProductRootController.m in Sources */ = {isa = PBXBuildFile; fileRef = AE842E2D1557BDEB00BBE1DC /* DemsyProductRootController.m */; };
		AE842E311557BDFC00BBE1DC /* DemsyProductTableController.m in Sources */ = {isa = PBXBuildFile; fileRef = AE842E301557BDFC00BBE1DC /* DemsyProductTableController.m */; };
		AE842E341557BE0C00BBE1DC /* DemsyProductDetailController.m in Sources */ = {isa = PBXBuildFile; fileRef = AE842E331557BE0C00BBE1DC /* DemsyProductDetailController.m */; };
		AE842E3A1557BF7F00BBE1DC /* DemsyProduct.m in Sources */ = {isa = PBXBuildFile; fileRef = AE842E391557BF7F00BBE1DC /* DemsyProduct.m */; };
		AE842E3C1557CA4100BBE1DC /* DemsyProductTableCell.xib in Resources */ = {isa = PBXBuildFile; fileRef = AE842E3B1557CA4100BBE1DC /* DemsyProductTableCell.xib */; };
		AE8A3017155A0EEB00E7BD53 /* EGORefreshTableHeaderView.m in Sources */ = {isa = PBXBuildFile; fileRef = AE8A3016155A0EEB00E7BD53 /* EGORefreshTableHeaderView.m */; };
		AE8A3021155A0F1500E7BD53 /* blackArrow.png in Resources */ = {isa = PBXBuildFile; fileRef = AE8A3019155A0F1500E7BD53 /* blackArrow.png */; };
		AE8A3022155A0F1500E7BD53 /* blackArrow@2x.png in Resources */ = {isa = PBXBuildFile; fileRef = AE8A301A155A0F1500E7BD53 /* blackArrow@2x.png */; };
		AE8A3023155A0F1500E7BD53 /* blueArrow.png in Resources */ = {isa = PBXBuildFile; fileRef = AE8A301B155A0F1500E7BD53 /* blueArrow.png */; };
		AE8A3024155A0F1500E7BD53 /* blueArrow@2x.png in Resources */ = {isa = PBXBuildFile; fileRef = AE8A301C155A0F1500E7BD53 /* blueArrow@2x.png */; };
		AE8A3025155A0F1500E7BD53 /* grayArrow.png in Resources */ = {isa = PBXBuildFile; fileRef = AE8A301D155A0F1500E7BD53 /* grayArrow.png */; };
		AE8A3026155A0F1500E7BD53 /* grayArrow@2x.png in Resources */ = {isa = PBXBuildFile; fileRef = AE8A301E155A0F1500E7BD53 /* grayArrow@2x.png */; };
		AE8A3027155A0F1500E7BD53 /* whiteArrow.png in Resources */ = {isa = PBXBuildFile; fileRef = AE8A301F155A0F1500E7BD53 /* whiteArrow.png */; };
		AE8A3028155A0F1500E7BD53 /* whiteArrow@2x.png in Resources */ = {isa = PBXBuildFile; fileRef = AE8A3020155A0F1500E7BD53 /* whiteArrow@2x.png */; };
		AE8A302E155A115800E7BD53 /* QuartzCore.framework in Frameworks */ = {isa = PBXBuildFile; fileRef = AE8A302D155A115800E7BD53 /* QuartzCore.framework */; };
		AE98774816F4815300DE10E6 /* libThree20.a in Frameworks */ = {isa = PBXBuildFile; fileRef = AE98770D16F4808B00DE10E6 /* libThree20.a */; };
		AE98774916F4815E00DE10E6 /* libThree20Core.a in Frameworks */ = {isa = PBXBuildFile; fileRef = AE98772716F480E600DE10E6 /* libThree20Core.a */; };
		AE98774A16F4815E00DE10E6 /* libThree20Network.a in Frameworks */ = {isa = PBXBuildFile; fileRef = AE98772D16F480E600DE10E6 /* libThree20Network.a */; };
		AE98774B16F4815E00DE10E6 /* libThree20Style.a in Frameworks */ = {isa = PBXBuildFile; fileRef = AE98773316F480E600DE10E6 /* libThree20Style.a */; };
		AE98774C16F4815E00DE10E6 /* libThree20UI.a in Frameworks */ = {isa = PBXBuildFile; fileRef = AE98773916F480E600DE10E6 /* libThree20UI.a */; };
		AE98774D16F4815E00DE10E6 /* libThree20UICommon.a in Frameworks */ = {isa = PBXBuildFile; fileRef = AE98773F16F480E600DE10E6 /* libThree20UICommon.a */; };
		AE98774E16F4815E00DE10E6 /* libThree20UINavigator.a in Frameworks */ = {isa = PBXBuildFile; fileRef = AE98774516F480E600DE10E6 /* libThree20UINavigator.a */; };
		AE9B2DA5155524D1005ABB10 /* UIKit.framework in Frameworks */ = {isa = PBXBuildFile; fileRef = AE9B2DA4155524D1005ABB10 /* UIKit.framework */; };
		AE9B2DA7155524D1005ABB10 /* Foundation.framework in Frameworks */ = {isa = PBXBuildFile; fileRef = AE9B2DA6155524D1005ABB10 /* Foundation.framework */; };
		AE9B2DA9155524D1005ABB10 /* CoreGraphics.framework in Frameworks */ = {isa = PBXBuildFile; fileRef = AE9B2DA8155524D1005ABB10 /* CoreGraphics.framework */; };
		AE9B2DAF155524D1005ABB10 /* InfoPlist.strings in Resources */ = {isa = PBXBuildFile; fileRef = AE9B2DAD155524D1005ABB10 /* InfoPlist.strings */; };
		AE9B2DB1155524D1005ABB10 /* main.m in Sources */ = {isa = PBXBuildFile; fileRef = AE9B2DB0155524D1005ABB10 /* main.m */; };
		AE9B2DB5155524D1005ABB10 /* DemsyAppDelegate.m in Sources */ = {isa = PBXBuildFile; fileRef = AE9B2DB4155524D1005ABB10 /* DemsyAppDelegate.m */; };
		AE9B2DE015552501005ABB10 /* DemsyAsyncImageView.m in Sources */ = {isa = PBXBuildFile; fileRef = AE9B2DBD15552501005ABB10 /* DemsyAsyncImageView.m */; };
		AE9B2DE115552501005ABB10 /* DemsyUtils.m in Sources */ = {isa = PBXBuildFile; fileRef = AE9B2DBF15552501005ABB10 /* DemsyUtils.m */; };
		AE9B2DE215552501005ABB10 /* DemsyAsynURLController.m in Sources */ = {isa = PBXBuildFile; fileRef = AE9B2DC215552501005ABB10 /* DemsyAsynURLController.m */; };
		AE9B2DE315552501005ABB10 /* DemsyWebInfoDetailController.m in Sources */ = {isa = PBXBuildFile; fileRef = AE9B2DC415552501005ABB10 /* DemsyWebInfoDetailController.m */; };
		AE9B2DE415552501005ABB10 /* DemsyWebInfoRootController.m in Sources */ = {isa = PBXBuildFile; fileRef = AE9B2DC615552501005ABB10 /* DemsyWebInfoRootController.m */; };
		AE9B2DE515552501005ABB10 /* DemsyWebInfoTableController.m in Sources */ = {isa = PBXBuildFile; fileRef = AE9B2DC815552501005ABB10 /* DemsyWebInfoTableController.m */; };
		AE9B2DE615552501005ABB10 /* DemsyWebInfo.m in Sources */ = {isa = PBXBuildFile; fileRef = AE9B2DCB15552501005ABB10 /* DemsyWebInfo.m */; };
		AE9B2DE715552501005ABB10 /* bbs.png in Resources */ = {isa = PBXBuildFile; fileRef = AE9B2DCD15552501005ABB10 /* bbs.png */; };
		AE9B2DE815552501005ABB10 /* Default.png in Resources */ = {isa = PBXBuildFile; fileRef = AE9B2DCE15552501005ABB10 /* Default.png */; };
		AE9B2DE915552501005ABB10 /* Default@2x.png in Resources */ = {isa = PBXBuildFile; fileRef = AE9B2DCF15552501005ABB10 /* Default@2x.png */; };
		AE9B2DEA15552501005ABB10 /* Icon-72.png in Resources */ = {isa = PBXBuildFile; fileRef = AE9B2DD015552501005ABB10 /* Icon-72.png */; };
		AE9B2DEB15552501005ABB10 /* Icon-Small-50.png in Resources */ = {isa = PBXBuildFile; fileRef = AE9B2DD115552501005ABB10 /* Icon-Small-50.png */; };
		AE9B2DEC15552501005ABB10 /* Icon-Small.png in Resources */ = {isa = PBXBuildFile; fileRef = AE9B2DD215552501005ABB10 /* Icon-Small.png */; };
		AE9B2DED15552501005ABB10 /* Icon-Small@2x.png in Resources */ = {isa = PBXBuildFile; fileRef = AE9B2DD315552501005ABB10 /* Icon-Small@2x.png */; };
		AE9B2DEE15552501005ABB10 /* Icon.png in Resources */ = {isa = PBXBuildFile; fileRef = AE9B2DD415552501005ABB10 /* Icon.png */; };
		AE9B2DEF15552501005ABB10 /* Icon@2x.png in Resources */ = {isa = PBXBuildFile; fileRef = AE9B2DD515552501005ABB10 /* Icon@2x.png */; };
		AE9B2DF015552501005ABB10 /* news.png in Resources */ = {isa = PBXBuildFile; fileRef = AE9B2DD615552501005ABB10 /* news.png */; };
		AE9B2DF115552501005ABB10 /* office.png in Resources */ = {isa = PBXBuildFile; fileRef = AE9B2DD715552501005ABB10 /* office.png */; };
		AE9B2DF215552501005ABB10 /* other.png in Resources */ = {isa = PBXBuildFile; fileRef = AE9B2DD815552501005ABB10 /* other.png */; };
		AE9B2DF315552501005ABB10 /* product.png in Resources */ = {isa = PBXBuildFile; fileRef = AE9B2DD915552501005ABB10 /* product.png */; };
		AE9B2DF415552501005ABB10 /* DemsyMainWindow.xib in Resources */ = {isa = PBXBuildFile; fileRef = AE9B2DDB15552501005ABB10 /* DemsyMainWindow.xib */; };
		AE9B2DF515552501005ABB10 /* DemsyWebInfoDetailView.xib in Resources */ = {isa = PBXBuildFile; fileRef = AE9B2DDC15552501005ABB10 /* DemsyWebInfoDetailView.xib */; };
		AE9B2DF615552501005ABB10 /* DemsyWebInfoRootView.xib in Resources */ = {isa = PBXBuildFile; fileRef = AE9B2DDD15552501005ABB10 /* DemsyWebInfoRootView.xib */; };
		AE9B2DF715552501005ABB10 /* DemsyWebInfoTableCell.xib in Resources */ = {isa = PBXBuildFile; fileRef = AE9B2DDE15552501005ABB10 /* DemsyWebInfoTableCell.xib */; };
		AE9B2DF815552501005ABB10 /* DemsyWebInfoTableView.xib in Resources */ = {isa = PBXBuildFile; fileRef = AE9B2DDF15552501005ABB10 /* DemsyWebInfoTableView.xib */; };
/* End PBXBuildFile section */

/* Begin PBXContainerItemProxy section */
		AE98770C16F4808B00DE10E6 /* PBXContainerItemProxy */ = {
			isa = PBXContainerItemProxy;
			containerPortal = AE9876E116F4808A00DE10E6 /* Three20.xcodeproj */;
			proxyType = 2;
			remoteGlobalIDString = BEF31F3A0F352DF5000DE5D2;
			remoteInfo = Three20;
		};
		AE98770E16F4808B00DE10E6 /* PBXContainerItemProxy */ = {
			isa = PBXContainerItemProxy;
			containerPortal = AE9876E116F4808A00DE10E6 /* Three20.xcodeproj */;
			proxyType = 2;
			remoteGlobalIDString = EB9E6C6210B6A8F800DE563C;
			remoteInfo = Three20UnitTests;
		};
		AE98772616F480E600DE10E6 /* PBXContainerItemProxy */ = {
			isa = PBXContainerItemProxy;
			containerPortal = AE98771216F480E600DE10E6 /* Three20Core.xcodeproj */;
			proxyType = 2;
			remoteGlobalIDString = BEF31F3A0F352DF5000DE5D2;
			remoteInfo = Three20Core;
		};
		AE98772816F480E600DE10E6 /* PBXContainerItemProxy */ = {
			isa = PBXContainerItemProxy;
			containerPortal = AE98771216F480E600DE10E6 /* Three20Core.xcodeproj */;
			proxyType = 2;
			remoteGlobalIDString = EB9E6C6210B6A8F800DE563C;
			remoteInfo = Three20CoreUnitTests;
		};
		AE98772C16F480E600DE10E6 /* PBXContainerItemProxy */ = {
			isa = PBXContainerItemProxy;
			containerPortal = AE98771316F480E600DE10E6 /* Three20Network.xcodeproj */;
			proxyType = 2;
			remoteGlobalIDString = BEF31F3A0F352DF5000DE5D2;
			remoteInfo = Three20Network;
		};
		AE98772E16F480E600DE10E6 /* PBXContainerItemProxy */ = {
			isa = PBXContainerItemProxy;
			containerPortal = AE98771316F480E600DE10E6 /* Three20Network.xcodeproj */;
			proxyType = 2;
			remoteGlobalIDString = EB9E6C6210B6A8F800DE563C;
			remoteInfo = Three20NetworkUnitTests;
		};
		AE98773216F480E600DE10E6 /* PBXContainerItemProxy */ = {
			isa = PBXContainerItemProxy;
			containerPortal = AE98771416F480E600DE10E6 /* Three20Style.xcodeproj */;
			proxyType = 2;
			remoteGlobalIDString = BEF31F3A0F352DF5000DE5D2;
			remoteInfo = Three20Style;
		};
		AE98773416F480E600DE10E6 /* PBXContainerItemProxy */ = {
			isa = PBXContainerItemProxy;
			containerPortal = AE98771416F480E600DE10E6 /* Three20Style.xcodeproj */;
			proxyType = 2;
			remoteGlobalIDString = EB9E6C6210B6A8F800DE563C;
			remoteInfo = Three20StyleUnitTests;
		};
		AE98773816F480E600DE10E6 /* PBXContainerItemProxy */ = {
			isa = PBXContainerItemProxy;
			containerPortal = AE98771716F480E600DE10E6 /* Three20UI.xcodeproj */;
			proxyType = 2;
			remoteGlobalIDString = BEF31F3A0F352DF5000DE5D2;
			remoteInfo = Three20UI;
		};
		AE98773A16F480E600DE10E6 /* PBXContainerItemProxy */ = {
			isa = PBXContainerItemProxy;
			containerPortal = AE98771716F480E600DE10E6 /* Three20UI.xcodeproj */;
			proxyType = 2;
			remoteGlobalIDString = EB9E6C6210B6A8F800DE563C;
			remoteInfo = Three20UIUnitTests;
		};
		AE98773E16F480E600DE10E6 /* PBXContainerItemProxy */ = {
			isa = PBXContainerItemProxy;
			containerPortal = AE98771516F480E600DE10E6 /* Three20UICommon.xcodeproj */;
			proxyType = 2;
			remoteGlobalIDString = BEF31F3A0F352DF5000DE5D2;
			remoteInfo = Three20UICommon;
		};
		AE98774016F480E600DE10E6 /* PBXContainerItemProxy */ = {
			isa = PBXContainerItemProxy;
			containerPortal = AE98771516F480E600DE10E6 /* Three20UICommon.xcodeproj */;
			proxyType = 2;
			remoteGlobalIDString = EB9E6C6210B6A8F800DE563C;
			remoteInfo = Three20UICommonUnitTests;
		};
		AE98774416F480E600DE10E6 /* PBXContainerItemProxy */ = {
			isa = PBXContainerItemProxy;
			containerPortal = AE98771616F480E600DE10E6 /* Three20UINavigator.xcodeproj */;
			proxyType = 2;
			remoteGlobalIDString = BEF31F3A0F352DF5000DE5D2;
			remoteInfo = Three20UINavigator;
		};
		AE98774616F480E600DE10E6 /* PBXContainerItemProxy */ = {
			isa = PBXContainerItemProxy;
			containerPortal = AE98771616F480E600DE10E6 /* Three20UINavigator.xcodeproj */;
			proxyType = 2;
			remoteGlobalIDString = EB9E6C6210B6A8F800DE563C;
			remoteInfo = Three20UINavigatorUnitTests;
		};
		AE98774F16F4831500DE10E6 /* PBXContainerItemProxy */ = {
			isa = PBXContainerItemProxy;
			containerPortal = AE98771316F480E600DE10E6 /* Three20Network.xcodeproj */;
			proxyType = 1;
			remoteGlobalIDString = BEF31F390F352DF5000DE5D2;
			remoteInfo = Three20Network;
		};
		AE98775116F4831500DE10E6 /* PBXContainerItemProxy */ = {
			isa = PBXContainerItemProxy;
			containerPortal = AE98771616F480E600DE10E6 /* Three20UINavigator.xcodeproj */;
			proxyType = 1;
			remoteGlobalIDString = BEF31F390F352DF5000DE5D2;
			remoteInfo = Three20UINavigator;
		};
		AE98775316F4831500DE10E6 /* PBXContainerItemProxy */ = {
			isa = PBXContainerItemProxy;
			containerPortal = AE9876E116F4808A00DE10E6 /* Three20.xcodeproj */;
			proxyType = 1;
			remoteGlobalIDString = BEF31F390F352DF5000DE5D2;
			remoteInfo = Three20;
		};
		AE98775516F4831500DE10E6 /* PBXContainerItemProxy */ = {
			isa = PBXContainerItemProxy;
			containerPortal = AE98771216F480E600DE10E6 /* Three20Core.xcodeproj */;
			proxyType = 1;
			remoteGlobalIDString = BEF31F390F352DF5000DE5D2;
			remoteInfo = Three20Core;
		};
		AE98775716F4831500DE10E6 /* PBXContainerItemProxy */ = {
			isa = PBXContainerItemProxy;
			containerPortal = AE98771416F480E600DE10E6 /* Three20Style.xcodeproj */;
			proxyType = 1;
			remoteGlobalIDString = BEF31F390F352DF5000DE5D2;
			remoteInfo = Three20Style;
		};
		AE98775916F4831500DE10E6 /* PBXContainerItemProxy */ = {
			isa = PBXContainerItemProxy;
			containerPortal = AE98771716F480E600DE10E6 /* Three20UI.xcodeproj */;
			proxyType = 1;
			remoteGlobalIDString = BEF31F390F352DF5000DE5D2;
			remoteInfo = Three20UI;
		};
		AE98775B16F4831500DE10E6 /* PBXContainerItemProxy */ = {
			isa = PBXContainerItemProxy;
			containerPortal = AE98771516F480E600DE10E6 /* Three20UICommon.xcodeproj */;
			proxyType = 1;
			remoteGlobalIDString = BEF31F390F352DF5000DE5D2;
			remoteInfo = Three20UICommon;
		};
/* End PBXContainerItemProxy section */

/* Begin PBXFileReference section */
		AE172255155945CA0055A83D /* DemsyBbsRootView.xib */ = {isa = PBXFileReference; fileEncoding = 4; lastKnownFileType = file.xib; path = DemsyBbsRootView.xib; sourceTree = "<group>"; };
		AE172258155945DE0055A83D /* DemsyBbsTableView.xib */ = {isa = PBXFileReference; fileEncoding = 4; lastKnownFileType = file.xib; path = DemsyBbsTableView.xib; sourceTree = "<group>"; };
		AE17225A155945F10055A83D /* DemsyBbsReplyTableView.xib */ = {isa = PBXFileReference; fileEncoding = 4; lastKnownFileType = file.xib; path = DemsyBbsReplyTableView.xib; sourceTree = "<group>"; };
		AE17225C155946410055A83D /* DemsyBbsRootController.h */ = {isa = PBXFileReference; fileEncoding = 4; lastKnownFileType = sourcecode.c.h; path = DemsyBbsRootController.h; sourceTree = "<group>"; };
		AE17225D155946410055A83D /* DemsyBbsRootController.m */ = {isa = PBXFileReference; fileEncoding = 4; lastKnownFileType = sourcecode.c.objc; path = DemsyBbsRootController.m; sourceTree = "<group>"; };
		AE17225F155946B50055A83D /* DemsyBbsTableController.h */ = {isa = PBXFileReference; fileEncoding = 4; lastKnownFileType = sourcecode.c.h; path = DemsyBbsTableController.h; sourceTree = "<group>"; };
		AE172260155946B50055A83D /* DemsyBbsTableController.m */ = {isa = PBXFileReference; fileEncoding = 4; lastKnownFileType = sourcecode.c.objc; path = DemsyBbsTableController.m; sourceTree = "<group>"; };
		AE1722621559470B0055A83D /* DemsyBbsReplyTableController.h */ = {isa = PBXFileReference; fileEncoding = 4; lastKnownFileType = sourcecode.c.h; path = DemsyBbsReplyTableController.h; sourceTree = "<group>"; };
		AE1722631559470B0055A83D /* DemsyBbsReplyTableController.m */ = {isa = PBXFileReference; fileEncoding = 4; lastKnownFileType = sourcecode.c.objc; path = DemsyBbsReplyTableController.m; sourceTree = "<group>"; };
		AE1722651559473E0055A83D /* DemsyBbs.h */ = {isa = PBXFileReference; fileEncoding = 4; lastKnownFileType = sourcecode.c.h; path = DemsyBbs.h; sourceTree = "<group>"; };
		AE1722661559473E0055A83D /* DemsyBbs.m */ = {isa = PBXFileReference; fileEncoding = 4; lastKnownFileType = sourcecode.c.objc; path = DemsyBbs.m; sourceTree = "<group>"; };
		AE17226815594BB40055A83D /* DemsyBbsTableCell.xib */ = {isa = PBXFileReference; fileEncoding = 4; lastKnownFileType = file.xib; path = DemsyBbsTableCell.xib; sourceTree = "<group>"; };
		AE17226A15594CF20055A83D /* DemsyOfficeRootView.xib */ = {isa = PBXFileReference; fileEncoding = 4; lastKnownFileType = file.xib; path = DemsyOfficeRootView.xib; sourceTree = "<group>"; };
		AE17226C15595B500055A83D /* DemsyMoreRootView.xib */ = {isa = PBXFileReference; fileEncoding = 4; lastKnownFileType = file.xib; path = DemsyMoreRootView.xib; sourceTree = "<group>"; };
		AE1D738C16F6093C008FE6D7 /* Three20.bundle */ = {isa = PBXFileReference; lastKnownFileType = "wrapper.plug-in"; name = Three20.bundle; path = "../../Open.iOS.Projects/three20-master/src/Three20.bundle"; sourceTree = "<group>"; };
		AE83F1921558F14600C83433 /* DemsyTableController.h */ = {isa = PBXFileReference; fileEncoding = 4; lastKnownFileType = sourcecode.c.h; path = DemsyTableController.h; sourceTree = "<group>"; };
		AE83F1931558F14600C83433 /* DemsyTableController.m */ = {isa = PBXFileReference; fileEncoding = 4; lastKnownFileType = sourcecode.c.objc; path = DemsyTableController.m; sourceTree = "<group>"; };
		AE842E251557BD8E00BBE1DC /* DemsyProductRootView.xib */ = {isa = PBXFileReference; fileEncoding = 4; lastKnownFileType = file.xib; path = DemsyProductRootView.xib; sourceTree = "<group>"; };
		AE842E281557BDAB00BBE1DC /* DemsyProductTableView.xib */ = {isa = PBXFileReference; fileEncoding = 4; lastKnownFileType = file.xib; path = DemsyProductTableView.xib; sourceTree = "<group>"; };
		AE842E2A1557BDC200BBE1DC /* DemsyProductDetailView.xib */ = {isa = PBXFileReference; fileEncoding = 4; lastKnownFileType = file.xib; path = DemsyProductDetailView.xib; sourceTree = "<group>"; };
		AE842E2C1557BDEB00BBE1DC /* DemsyProductRootController.h */ = {isa = PBXFileReference; fileEncoding = 4; lastKnownFileType = sourcecode.c.h; path = DemsyProductRootController.h; sourceTree = "<group>"; };
		AE842E2D1557BDEB00BBE1DC /* DemsyProductRootController.m */ = {isa = PBXFileReference; fileEncoding = 4; lastKnownFileType = sourcecode.c.objc; path = DemsyProductRootController.m; sourceTree = "<group>"; };
		AE842E2F1557BDFC00BBE1DC /* DemsyProductTableController.h */ = {isa = PBXFileReference; fileEncoding = 4; lastKnownFileType = sourcecode.c.h; path = DemsyProductTableController.h; sourceTree = "<group>"; };
		AE842E301557BDFC00BBE1DC /* DemsyProductTableController.m */ = {isa = PBXFileReference; fileEncoding = 4; lastKnownFileType = sourcecode.c.objc; path = DemsyProductTableController.m; sourceTree = "<group>"; };
		AE842E321557BE0C00BBE1DC /* DemsyProductDetailController.h */ = {isa = PBXFileReference; fileEncoding = 4; lastKnownFileType = sourcecode.c.h; path = DemsyProductDetailController.h; sourceTree = "<group>"; };
		AE842E331557BE0C00BBE1DC /* DemsyProductDetailController.m */ = {isa = PBXFileReference; fileEncoding = 4; lastKnownFileType = sourcecode.c.objc; path = DemsyProductDetailController.m; sourceTree = "<group>"; };
		AE842E381557BF7F00BBE1DC /* DemsyProduct.h */ = {isa = PBXFileReference; fileEncoding = 4; lastKnownFileType = sourcecode.c.h; path = DemsyProduct.h; sourceTree = "<group>"; };
		AE842E391557BF7F00BBE1DC /* DemsyProduct.m */ = {isa = PBXFileReference; fileEncoding = 4; lastKnownFileType = sourcecode.c.objc; path = DemsyProduct.m; sourceTree = "<group>"; };
		AE842E3B1557CA4100BBE1DC /* DemsyProductTableCell.xib */ = {isa = PBXFileReference; fileEncoding = 4; lastKnownFileType = file.xib; path = DemsyProductTableCell.xib; sourceTree = "<group>"; };
		AE8A3015155A0EEB00E7BD53 /* EGORefreshTableHeaderView.h */ = {isa = PBXFileReference; fileEncoding = 4; lastKnownFileType = sourcecode.c.h; path = EGORefreshTableHeaderView.h; sourceTree = "<group>"; };
		AE8A3016155A0EEB00E7BD53 /* EGORefreshTableHeaderView.m */ = {isa = PBXFileReference; fileEncoding = 4; lastKnownFileType = sourcecode.c.objc; path = EGORefreshTableHeaderView.m; sourceTree = "<group>"; };
		AE8A3019155A0F1500E7BD53 /* blackArrow.png */ = {isa = PBXFileReference; lastKnownFileType = image.png; path = blackArrow.png; sourceTree = "<group>"; };
		AE8A301A155A0F1500E7BD53 /* blackArrow@2x.png */ = {isa = PBXFileReference; lastKnownFileType = image.png; path = "blackArrow@2x.png"; sourceTree = "<group>"; };
		AE8A301B155A0F1500E7BD53 /* blueArrow.png */ = {isa = PBXFileReference; lastKnownFileType = image.png; path = blueArrow.png; sourceTree = "<group>"; };
		AE8A301C155A0F1500E7BD53 /* blueArrow@2x.png */ = {isa = PBXFileReference; lastKnownFileType = image.png; path = "blueArrow@2x.png"; sourceTree = "<group>"; };
		AE8A301D155A0F1500E7BD53 /* grayArrow.png */ = {isa = PBXFileReference; lastKnownFileType = image.png; path = grayArrow.png; sourceTree = "<group>"; };
		AE8A301E155A0F1500E7BD53 /* grayArrow@2x.png */ = {isa = PBXFileReference; lastKnownFileType = image.png; path = "grayArrow@2x.png"; sourceTree = "<group>"; };
		AE8A301F155A0F1500E7BD53 /* whiteArrow.png */ = {isa = PBXFileReference; lastKnownFileType = image.png; path = whiteArrow.png; sourceTree = "<group>"; };
		AE8A3020155A0F1500E7BD53 /* whiteArrow@2x.png */ = {isa = PBXFileReference; lastKnownFileType = image.png; path = "whiteArrow@2x.png"; sourceTree = "<group>"; };
		AE8A302D155A115800E7BD53 /* QuartzCore.framework */ = {isa = PBXFileReference; lastKnownFileType = wrapper.framework; name = QuartzCore.framework; path = System/Library/Frameworks/QuartzCore.framework; sourceTree = SDKROOT; };
		AE9876E116F4808A00DE10E6 /* Three20.xcodeproj */ = {isa = PBXFileReference; lastKnownFileType = "wrapper.pb-project"; name = Three20.xcodeproj; path = "../../Open.iOS.Projects/three20-master/src/Three20/Three20.xcodeproj"; sourceTree = "<group>"; };
		AE98771216F480E600DE10E6 /* Three20Core.xcodeproj */ = {isa = PBXFileReference; lastKnownFileType = "wrapper.pb-project"; name = Three20Core.xcodeproj; path = "../../Open.iOS.Projects/three20-master/src/Three20Core/Three20Core.xcodeproj"; sourceTree = "<group>"; };
		AE98771316F480E600DE10E6 /* Three20Network.xcodeproj */ = {isa = PBXFileReference; lastKnownFileType = "wrapper.pb-project"; name = Three20Network.xcodeproj; path = "../../Open.iOS.Projects/three20-master/src/Three20Network/Three20Network.xcodeproj"; sourceTree = "<group>"; };
		AE98771416F480E600DE10E6 /* Three20Style.xcodeproj */ = {isa = PBXFileReference; lastKnownFileType = "wrapper.pb-project"; name = Three20Style.xcodeproj; path = "../../Open.iOS.Projects/three20-master/src/Three20Style/Three20Style.xcodeproj"; sourceTree = "<group>"; };
		AE98771516F480E600DE10E6 /* Three20UICommon.xcodeproj */ = {isa = PBXFileReference; lastKnownFileType = "wrapper.pb-project"; name = Three20UICommon.xcodeproj; path = "/Volumes/MAC_WORK/Open.iOS.Projects/three20-master/src/Three20/../Three20UICommon/Three20UICommon.xcodeproj"; sourceTree = "<absolute>"; };
		AE98771616F480E600DE10E6 /* Three20UINavigator.xcodeproj */ = {isa = PBXFileReference; lastKnownFileType = "wrapper.pb-project"; name = Three20UINavigator.xcodeproj; path = "/Volumes/MAC_WORK/Open.iOS.Projects/three20-master/src/Three20/../Three20UINavigator/Three20UINavigator.xcodeproj"; sourceTree = "<absolute>"; };
		AE98771716F480E600DE10E6 /* Three20UI.xcodeproj */ = {isa = PBXFileReference; lastKnownFileType = "wrapper.pb-project"; name = Three20UI.xcodeproj; path = "/Volumes/MAC_WORK/Open.iOS.Projects/three20-master/src/Three20/../Three20UI/Three20UI.xcodeproj"; sourceTree = "<absolute>"; };
		AE9B2DA0155524D1005ABB10 /* 云南白药.app */ = {isa = PBXFileReference; explicitFileType = wrapper.application; includeInIndex = 0; path = "云南白药.app"; sourceTree = BUILT_PRODUCTS_DIR; };
		AE9B2DA4155524D1005ABB10 /* UIKit.framework */ = {isa = PBXFileReference; lastKnownFileType = wrapper.framework; name = UIKit.framework; path = System/Library/Frameworks/UIKit.framework; sourceTree = SDKROOT; };
		AE9B2DA6155524D1005ABB10 /* Foundation.framework */ = {isa = PBXFileReference; lastKnownFileType = wrapper.framework; name = Foundation.framework; path = System/Library/Frameworks/Foundation.framework; sourceTree = SDKROOT; };
		AE9B2DA8155524D1005ABB10 /* CoreGraphics.framework */ = {isa = PBXFileReference; lastKnownFileType = wrapper.framework; name = CoreGraphics.framework; path = System/Library/Frameworks/CoreGraphics.framework; sourceTree = SDKROOT; };
		AE9B2DAC155524D1005ABB10 /* Info.plist */ = {isa = PBXFileReference; lastKnownFileType = text.plist.xml; path = Info.plist; sourceTree = "<group>"; };
		AE9B2DAE155524D1005ABB10 /* en */ = {isa = PBXFileReference; lastKnownFileType = text.plist.strings; name = en; path = en.lproj/InfoPlist.strings; sourceTree = "<group>"; };
		AE9B2DB0155524D1005ABB10 /* main.m */ = {isa = PBXFileReference; lastKnownFileType = sourcecode.c.objc; path = main.m; sourceTree = "<group>"; };
		AE9B2DB2155524D1005ABB10 /* Prefix.pch */ = {isa = PBXFileReference; lastKnownFileType = sourcecode.c.h; path = Prefix.pch; sourceTree = "<group>"; };
		AE9B2DB3155524D1005ABB10 /* DemsyAppDelegate.h */ = {isa = PBXFileReference; lastKnownFileType = sourcecode.c.h; path = DemsyAppDelegate.h; sourceTree = "<group>"; };
		AE9B2DB4155524D1005ABB10 /* DemsyAppDelegate.m */ = {isa = PBXFileReference; lastKnownFileType = sourcecode.c.objc; path = DemsyAppDelegate.m; sourceTree = "<group>"; };
		AE9B2DBC15552501005ABB10 /* DemsyAsyncImageView.h */ = {isa = PBXFileReference; fileEncoding = 4; lastKnownFileType = sourcecode.c.h; path = DemsyAsyncImageView.h; sourceTree = "<group>"; };
		AE9B2DBD15552501005ABB10 /* DemsyAsyncImageView.m */ = {isa = PBXFileReference; fileEncoding = 4; lastKnownFileType = sourcecode.c.objc; path = DemsyAsyncImageView.m; sourceTree = "<group>"; };
		AE9B2DBE15552501005ABB10 /* DemsyUtils.h */ = {isa = PBXFileReference; fileEncoding = 4; lastKnownFileType = sourcecode.c.h; path = DemsyUtils.h; sourceTree = "<group>"; };
		AE9B2DBF15552501005ABB10 /* DemsyUtils.m */ = {isa = PBXFileReference; fileEncoding = 4; lastKnownFileType = sourcecode.c.objc; path = DemsyUtils.m; sourceTree = "<group>"; };
		AE9B2DC115552501005ABB10 /* DemsyAsynURLController.h */ = {isa = PBXFileReference; fileEncoding = 4; lastKnownFileType = sourcecode.c.h; path = DemsyAsynURLController.h; sourceTree = "<group>"; };
		AE9B2DC215552501005ABB10 /* DemsyAsynURLController.m */ = {isa = PBXFileReference; fileEncoding = 4; lastKnownFileType = sourcecode.c.objc; path = DemsyAsynURLController.m; sourceTree = "<group>"; };
		AE9B2DC315552501005ABB10 /* DemsyWebInfoDetailController.h */ = {isa = PBXFileReference; fileEncoding = 4; lastKnownFileType = sourcecode.c.h; path = DemsyWebInfoDetailController.h; sourceTree = "<group>"; };
		AE9B2DC415552501005ABB10 /* DemsyWebInfoDetailController.m */ = {isa = PBXFileReference; fileEncoding = 4; lastKnownFileType = sourcecode.c.objc; path = DemsyWebInfoDetailController.m; sourceTree = "<group>"; };
		AE9B2DC515552501005ABB10 /* DemsyWebInfoRootController.h */ = {isa = PBXFileReference; fileEncoding = 4; lastKnownFileType = sourcecode.c.h; path = DemsyWebInfoRootController.h; sourceTree = "<group>"; };
		AE9B2DC615552501005ABB10 /* DemsyWebInfoRootController.m */ = {isa = PBXFileReference; fileEncoding = 4; lastKnownFileType = sourcecode.c.objc; path = DemsyWebInfoRootController.m; sourceTree = "<group>"; };
		AE9B2DC715552501005ABB10 /* DemsyWebInfoTableController.h */ = {isa = PBXFileReference; fileEncoding = 4; lastKnownFileType = sourcecode.c.h; path = DemsyWebInfoTableController.h; sourceTree = "<group>"; };
		AE9B2DC815552501005ABB10 /* DemsyWebInfoTableController.m */ = {isa = PBXFileReference; fileEncoding = 4; lastKnownFileType = sourcecode.c.objc; path = DemsyWebInfoTableController.m; sourceTree = "<group>"; };
		AE9B2DCA15552501005ABB10 /* DemsyWebInfo.h */ = {isa = PBXFileReference; fileEncoding = 4; lastKnownFileType = sourcecode.c.h; path = DemsyWebInfo.h; sourceTree = "<group>"; };
		AE9B2DCB15552501005ABB10 /* DemsyWebInfo.m */ = {isa = PBXFileReference; fileEncoding = 4; lastKnownFileType = sourcecode.c.objc; path = DemsyWebInfo.m; sourceTree = "<group>"; };
		AE9B2DCD15552501005ABB10 /* bbs.png */ = {isa = PBXFileReference; lastKnownFileType = image.png; path = bbs.png; sourceTree = "<group>"; };
		AE9B2DCE15552501005ABB10 /* Default.png */ = {isa = PBXFileReference; lastKnownFileType = image.png; path = Default.png; sourceTree = "<group>"; };
		AE9B2DCF15552501005ABB10 /* Default@2x.png */ = {isa = PBXFileReference; lastKnownFileType = image.png; path = "Default@2x.png"; sourceTree = "<group>"; };
		AE9B2DD015552501005ABB10 /* Icon-72.png */ = {isa = PBXFileReference; lastKnownFileType = image.png; path = "Icon-72.png"; sourceTree = "<group>"; };
		AE9B2DD115552501005ABB10 /* Icon-Small-50.png */ = {isa = PBXFileReference; lastKnownFileType = image.png; path = "Icon-Small-50.png"; sourceTree = "<group>"; };
		AE9B2DD215552501005ABB10 /* Icon-Small.png */ = {isa = PBXFileReference; lastKnownFileType = image.png; path = "Icon-Small.png"; sourceTree = "<group>"; };
		AE9B2DD315552501005ABB10 /* Icon-Small@2x.png */ = {isa = PBXFileReference; lastKnownFileType = image.png; path = "Icon-Small@2x.png"; sourceTree = "<group>"; };
		AE9B2DD415552501005ABB10 /* Icon.png */ = {isa = PBXFileReference; lastKnownFileType = image.png; path = Icon.png; sourceTree = "<group>"; };
		AE9B2DD515552501005ABB10 /* Icon@2x.png */ = {isa = PBXFileReference; lastKnownFileType = image.png; path = "Icon@2x.png"; sourceTree = "<group>"; };
		AE9B2DD615552501005ABB10 /* news.png */ = {isa = PBXFileReference; lastKnownFileType = image.png; path = news.png; sourceTree = "<group>"; };
		AE9B2DD715552501005ABB10 /* office.png */ = {isa = PBXFileReference; lastKnownFileType = image.png; path = office.png; sourceTree = "<group>"; };
		AE9B2DD815552501005ABB10 /* other.png */ = {isa = PBXFileReference; lastKnownFileType = image.png; path = other.png; sourceTree = "<group>"; };
		AE9B2DD915552501005ABB10 /* product.png */ = {isa = PBXFileReference; lastKnownFileType = image.png; path = product.png; sourceTree = "<group>"; };
		AE9B2DDB15552501005ABB10 /* DemsyMainWindow.xib */ = {isa = PBXFileReference; fileEncoding = 4; lastKnownFileType = file.xib; path = DemsyMainWindow.xib; sourceTree = "<group>"; };
		AE9B2DDC15552501005ABB10 /* DemsyWebInfoDetailView.xib */ = {isa = PBXFileReference; fileEncoding = 4; lastKnownFileType = file.xib; path = DemsyWebInfoDetailView.xib; sourceTree = "<group>"; };
		AE9B2DDD15552501005ABB10 /* DemsyWebInfoRootView.xib */ = {isa = PBXFileReference; fileEncoding = 4; lastKnownFileType = file.xib; path = DemsyWebInfoRootView.xib; sourceTree = "<group>"; };
		AE9B2DDE15552501005ABB10 /* DemsyWebInfoTableCell.xib */ = {isa = PBXFileReference; fileEncoding = 4; lastKnownFileType = file.xib; path = DemsyWebInfoTableCell.xib; sourceTree = "<group>"; };
		AE9B2DDF15552501005ABB10 /* DemsyWebInfoTableView.xib */ = {isa = PBXFileReference; fileEncoding = 4; lastKnownFileType = file.xib; path = DemsyWebInfoTableView.xib; sourceTree = "<group>"; };
/* End PBXFileReference section */

/* Begin PBXFrameworksBuildPhase section */
		AE9B2D9D155524D1005ABB10 /* Frameworks */ = {
			isa = PBXFrameworksBuildPhase;
			buildActionMask = 2147483647;
			files = (
				AE98774916F4815E00DE10E6 /* libThree20Core.a in Frameworks */,
				AE98774A16F4815E00DE10E6 /* libThree20Network.a in Frameworks */,
				AE98774B16F4815E00DE10E6 /* libThree20Style.a in Frameworks */,
				AE98774C16F4815E00DE10E6 /* libThree20UI.a in Frameworks */,
				AE98774D16F4815E00DE10E6 /* libThree20UICommon.a in Frameworks */,
				AE98774E16F4815E00DE10E6 /* libThree20UINavigator.a in Frameworks */,
				AE98774816F4815300DE10E6 /* libThree20.a in Frameworks */,
				AE8A302E155A115800E7BD53 /* QuartzCore.framework in Frameworks */,
				AE9B2DA5155524D1005ABB10 /* UIKit.framework in Frameworks */,
				AE9B2DA7155524D1005ABB10 /* Foundation.framework in Frameworks */,
				AE9B2DA9155524D1005ABB10 /* CoreGraphics.framework in Frameworks */,
			);
			runOnlyForDeploymentPostprocessing = 0;
		};
/* End PBXFrameworksBuildPhase section */

/* Begin PBXGroup section */
		AE8A3013155A0EAC00E7BD53 /* Libs */ = {
			isa = PBXGroup;
			children = (
				AE8A3014155A0EEB00E7BD53 /* RefreshTableHeaderView */,
			);
			path = Libs;
			sourceTree = "<group>";
		};
		AE8A3014155A0EEB00E7BD53 /* RefreshTableHeaderView */ = {
			isa = PBXGroup;
			children = (
				AE8A3018155A0F1500E7BD53 /* Resources */,
				AE8A3015155A0EEB00E7BD53 /* EGORefreshTableHeaderView.h */,
				AE8A3016155A0EEB00E7BD53 /* EGORefreshTableHeaderView.m */,
			);
			path = RefreshTableHeaderView;
			sourceTree = "<group>";
		};
		AE8A3018155A0F1500E7BD53 /* Resources */ = {
			isa = PBXGroup;
			children = (
				AE8A3019155A0F1500E7BD53 /* blackArrow.png */,
				AE8A301A155A0F1500E7BD53 /* blackArrow@2x.png */,
				AE8A301B155A0F1500E7BD53 /* blueArrow.png */,
				AE8A301C155A0F1500E7BD53 /* blueArrow@2x.png */,
				AE8A301D155A0F1500E7BD53 /* grayArrow.png */,
				AE8A301E155A0F1500E7BD53 /* grayArrow@2x.png */,
				AE8A301F155A0F1500E7BD53 /* whiteArrow.png */,
				AE8A3020155A0F1500E7BD53 /* whiteArrow@2x.png */,
			);
			path = Resources;
			sourceTree = "<group>";
		};
		AE9876E216F4808A00DE10E6 /* Products */ = {
			isa = PBXGroup;
			children = (
				AE98770D16F4808B00DE10E6 /* libThree20.a */,
				AE98770F16F4808B00DE10E6 /* Three20UnitTests.octest */,
			);
			name = Products;
			sourceTree = "<group>";
		};
		AE98771816F480E600DE10E6 /* Products */ = {
			isa = PBXGroup;
			children = (
				AE98772716F480E600DE10E6 /* libThree20Core.a */,
				AE98772916F480E600DE10E6 /* CoreUnitTests.octest */,
			);
			name = Products;
			sourceTree = "<group>";
		};
		AE98771A16F480E600DE10E6 /* Products */ = {
			isa = PBXGroup;
			children = (
				AE98772D16F480E600DE10E6 /* libThree20Network.a */,
				AE98772F16F480E600DE10E6 /* NetworkUnitTests.octest */,
			);
			name = Products;
			sourceTree = "<group>";
		};
		AE98771C16F480E600DE10E6 /* Products */ = {
			isa = PBXGroup;
			children = (
				AE98773316F480E600DE10E6 /* libThree20Style.a */,
				AE98773516F480E600DE10E6 /* StyleUnitTests.octest */,
			);
			name = Products;
			sourceTree = "<group>";
		};
		AE98771E16F480E600DE10E6 /* Products */ = {
			isa = PBXGroup;
			children = (
				AE98773F16F480E600DE10E6 /* libThree20UICommon.a */,
				AE98774116F480E600DE10E6 /* UICommonUnitTests.octest */,
			);
			name = Products;
			sourceTree = "<group>";
		};
		AE98772016F480E600DE10E6 /* Products */ = {
			isa = PBXGroup;
			children = (
				AE98774516F480E600DE10E6 /* libThree20UINavigator.a */,
				AE98774716F480E600DE10E6 /* UINavigatorUnitTests.octest */,
			);
			name = Products;
			sourceTree = "<group>";
		};
		AE98772216F480E600DE10E6 /* Products */ = {
			isa = PBXGroup;
			children = (
				AE98773916F480E600DE10E6 /* libThree20UI.a */,
				AE98773B16F480E600DE10E6 /* UIUnitTests.octest */,
			);
			name = Products;
			sourceTree = "<group>";
		};
		AE9B2D95155524D1005ABB10 = {
			isa = PBXGroup;
			children = (
				AE1D738C16F6093C008FE6D7 /* Three20.bundle */,
				AE98771216F480E600DE10E6 /* Three20Core.xcodeproj */,
				AE98771316F480E600DE10E6 /* Three20Network.xcodeproj */,
				AE98771416F480E600DE10E6 /* Three20Style.xcodeproj */,
				AE98771516F480E600DE10E6 /* Three20UICommon.xcodeproj */,
				AE98771616F480E600DE10E6 /* Three20UINavigator.xcodeproj */,
				AE98771716F480E600DE10E6 /* Three20UI.xcodeproj */,
				AE9876E116F4808A00DE10E6 /* Three20.xcodeproj */,
				AE8A3013155A0EAC00E7BD53 /* Libs */,
				AE9B2DCC15552501005ABB10 /* Resources */,
				AE9B2DBB15552501005ABB10 /* Classes */,
				AE9B2DC915552501005ABB10 /* Models */,
				AE9B2DDA15552501005ABB10 /* Views */,
				AE9B2DC015552501005ABB10 /* Controllers */,
				AE9B2DAA155524D1005ABB10 /* iDemsyYnby */,
				AE9B2DA3155524D1005ABB10 /* Frameworks */,
				AE9B2DA1155524D1005ABB10 /* Products */,
			);
			sourceTree = "<group>";
		};
		AE9B2DA1155524D1005ABB10 /* Products */ = {
			isa = PBXGroup;
			children = (
				AE9B2DA0155524D1005ABB10 /* 云南白药.app */,
			);
			name = Products;
			sourceTree = "<group>";
		};
		AE9B2DA3155524D1005ABB10 /* Frameworks */ = {
			isa = PBXGroup;
			children = (
				AE8A302D155A115800E7BD53 /* QuartzCore.framework */,
				AE9B2DA4155524D1005ABB10 /* UIKit.framework */,
				AE9B2DA6155524D1005ABB10 /* Foundation.framework */,
				AE9B2DA8155524D1005ABB10 /* CoreGraphics.framework */,
			);
			name = Frameworks;
			sourceTree = "<group>";
		};
		AE9B2DAA155524D1005ABB10 /* iDemsyYnby */ = {
			isa = PBXGroup;
			children = (
				AE9B2DB3155524D1005ABB10 /* DemsyAppDelegate.h */,
				AE9B2DB4155524D1005ABB10 /* DemsyAppDelegate.m */,
				AE9B2DAB155524D1005ABB10 /* Supporting Files */,
			);
			path = iDemsyYnby;
			sourceTree = "<group>";
		};
		AE9B2DAB155524D1005ABB10 /* Supporting Files */ = {
			isa = PBXGroup;
			children = (
				AE9B2DAC155524D1005ABB10 /* Info.plist */,
				AE9B2DAD155524D1005ABB10 /* InfoPlist.strings */,
				AE9B2DB0155524D1005ABB10 /* main.m */,
				AE9B2DB2155524D1005ABB10 /* Prefix.pch */,
			);
			name = "Supporting Files";
			sourceTree = "<group>";
		};
		AE9B2DBB15552501005ABB10 /* Classes */ = {
			isa = PBXGroup;
			children = (
				AE9B2DBC15552501005ABB10 /* DemsyAsyncImageView.h */,
				AE9B2DBD15552501005ABB10 /* DemsyAsyncImageView.m */,
				AE9B2DBE15552501005ABB10 /* DemsyUtils.h */,
				AE9B2DBF15552501005ABB10 /* DemsyUtils.m */,
			);
			path = Classes;
			sourceTree = "<group>";
		};
		AE9B2DC015552501005ABB10 /* Controllers */ = {
			isa = PBXGroup;
			children = (
				AE9B2DC115552501005ABB10 /* DemsyAsynURLController.h */,
				AE9B2DC215552501005ABB10 /* DemsyAsynURLController.m */,
				AE1722621559470B0055A83D /* DemsyBbsReplyTableController.h */,
				AE1722631559470B0055A83D /* DemsyBbsReplyTableController.m */,
				AE17225C155946410055A83D /* DemsyBbsRootController.h */,
				AE17225D155946410055A83D /* DemsyBbsRootController.m */,
				AE17225F155946B50055A83D /* DemsyBbsTableController.h */,
				AE172260155946B50055A83D /* DemsyBbsTableController.m */,
				AE842E321557BE0C00BBE1DC /* DemsyProductDetailController.h */,
				AE842E331557BE0C00BBE1DC /* DemsyProductDetailController.m */,
				AE842E2C1557BDEB00BBE1DC /* DemsyProductRootController.h */,
				AE842E2D1557BDEB00BBE1DC /* DemsyProductRootController.m */,
				AE842E2F1557BDFC00BBE1DC /* DemsyProductTableController.h */,
				AE842E301557BDFC00BBE1DC /* DemsyProductTableController.m */,
				AE83F1921558F14600C83433 /* DemsyTableController.h */,
				AE83F1931558F14600C83433 /* DemsyTableController.m */,
				AE9B2DC315552501005ABB10 /* DemsyWebInfoDetailController.h */,
				AE9B2DC415552501005ABB10 /* DemsyWebInfoDetailController.m */,
				AE9B2DC515552501005ABB10 /* DemsyWebInfoRootController.h */,
				AE9B2DC615552501005ABB10 /* DemsyWebInfoRootController.m */,
				AE9B2DC715552501005ABB10 /* DemsyWebInfoTableController.h */,
				AE9B2DC815552501005ABB10 /* DemsyWebInfoTableController.m */,
			);
			path = Controllers;
			sourceTree = "<group>";
		};
		AE9B2DC915552501005ABB10 /* Models */ = {
			isa = PBXGroup;
			children = (
				AE842E381557BF7F00BBE1DC /* DemsyProduct.h */,
				AE842E391557BF7F00BBE1DC /* DemsyProduct.m */,
				AE9B2DCA15552501005ABB10 /* DemsyWebInfo.h */,
				AE9B2DCB15552501005ABB10 /* DemsyWebInfo.m */,
				AE1722651559473E0055A83D /* DemsyBbs.h */,
				AE1722661559473E0055A83D /* DemsyBbs.m */,
			);
			path = Models;
			sourceTree = "<group>";
		};
		AE9B2DCC15552501005ABB10 /* Resources */ = {
			isa = PBXGroup;
			children = (
				AE9B2DCD15552501005ABB10 /* bbs.png */,
				AE9B2DCE15552501005ABB10 /* Default.png */,
				AE9B2DCF15552501005ABB10 /* Default@2x.png */,
				AE9B2DD015552501005ABB10 /* Icon-72.png */,
				AE9B2DD115552501005ABB10 /* Icon-Small-50.png */,
				AE9B2DD215552501005ABB10 /* Icon-Small.png */,
				AE9B2DD315552501005ABB10 /* Icon-Small@2x.png */,
				AE9B2DD415552501005ABB10 /* Icon.png */,
				AE9B2DD515552501005ABB10 /* Icon@2x.png */,
				AE9B2DD615552501005ABB10 /* news.png */,
				AE9B2DD715552501005ABB10 /* office.png */,
				AE9B2DD815552501005ABB10 /* other.png */,
				AE9B2DD915552501005ABB10 /* product.png */,
			);
			path = Resources;
			sourceTree = "<group>";
		};
		AE9B2DDA15552501005ABB10 /* Views */ = {
			isa = PBXGroup;
			children = (
				AE17225A155945F10055A83D /* DemsyBbsReplyTableView.xib */,
				AE172255155945CA0055A83D /* DemsyBbsRootView.xib */,
				AE17226815594BB40055A83D /* DemsyBbsTableCell.xib */,
				AE172258155945DE0055A83D /* DemsyBbsTableView.xib */,
				AE9B2DDB15552501005ABB10 /* DemsyMainWindow.xib */,
				AE842E2A1557BDC200BBE1DC /* DemsyProductDetailView.xib */,
				AE842E251557BD8E00BBE1DC /* DemsyProductRootView.xib */,
				AE842E3B1557CA4100BBE1DC /* DemsyProductTableCell.xib */,
				AE842E281557BDAB00BBE1DC /* DemsyProductTableView.xib */,
				AE9B2DDC15552501005ABB10 /* DemsyWebInfoDetailView.xib */,
				AE9B2DDD15552501005ABB10 /* DemsyWebInfoRootView.xib */,
				AE9B2DDE15552501005ABB10 /* DemsyWebInfoTableCell.xib */,
				AE9B2DDF15552501005ABB10 /* DemsyWebInfoTableView.xib */,
				AE17226A15594CF20055A83D /* DemsyOfficeRootView.xib */,
				AE17226C15595B500055A83D /* DemsyMoreRootView.xib */,
			);
			path = Views;
			sourceTree = "<group>";
		};
/* End PBXGroup section */

/* Begin PBXNativeTarget section */
		AE9B2D9F155524D1005ABB10 /* 云南白药 */ = {
			isa = PBXNativeTarget;
			buildConfigurationList = AE9B2DB8155524D1005ABB10 /* Build configuration list for PBXNativeTarget "云南白药" */;
			buildPhases = (
				AE9B2D9C155524D1005ABB10 /* Sources */,
				AE9B2D9D155524D1005ABB10 /* Frameworks */,
				AE9B2D9E155524D1005ABB10 /* Resources */,
			);
			buildRules = (
			);
			dependencies = (
				AE98775016F4831500DE10E6 /* PBXTargetDependency */,
				AE98775216F4831500DE10E6 /* PBXTargetDependency */,
				AE98775416F4831500DE10E6 /* PBXTargetDependency */,
				AE98775616F4831500DE10E6 /* PBXTargetDependency */,
				AE98775816F4831500DE10E6 /* PBXTargetDependency */,
				AE98775A16F4831500DE10E6 /* PBXTargetDependency */,
				AE98775C16F4831500DE10E6 /* PBXTargetDependency */,
			);
			name = "云南白药";
			productName = iDemsyYnby;
			productReference = AE9B2DA0155524D1005ABB10 /* 云南白药.app */;
			productType = "com.apple.product-type.application";
		};
/* End PBXNativeTarget section */

/* Begin PBXProject section */
		AE9B2D97155524D1005ABB10 /* Project object */ = {
			isa = PBXProject;
			attributes = {
				CLASSPREFIX = Demsy;
				LastUpgradeCheck = 0430;
			};
			buildConfigurationList = AE9B2D9A155524D1005ABB10 /* Build configuration list for PBXProject "iDemsyYnby" */;
			compatibilityVersion = "Xcode 3.2";
			developmentRegion = English;
			hasScannedForEncodings = 0;
			knownRegions = (
				en,
			);
			mainGroup = AE9B2D95155524D1005ABB10;
			productRefGroup = AE9B2DA1155524D1005ABB10 /* Products */;
			projectDirPath = "";
			projectReferences = (
				{
					ProductGroup = AE9876E216F4808A00DE10E6 /* Products */;
					ProjectRef = AE9876E116F4808A00DE10E6 /* Three20.xcodeproj */;
				},
				{
					ProductGroup = AE98771816F480E600DE10E6 /* Products */;
					ProjectRef = AE98771216F480E600DE10E6 /* Three20Core.xcodeproj */;
				},
				{
					ProductGroup = AE98771A16F480E600DE10E6 /* Products */;
					ProjectRef = AE98771316F480E600DE10E6 /* Three20Network.xcodeproj */;
				},
				{
					ProductGroup = AE98771C16F480E600DE10E6 /* Products */;
					ProjectRef = AE98771416F480E600DE10E6 /* Three20Style.xcodeproj */;
				},
				{
					ProductGroup = AE98772216F480E600DE10E6 /* Products */;
					ProjectRef = AE98771716F480E600DE10E6 /* Three20UI.xcodeproj */;
				},
				{
					ProductGroup = AE98771E16F480E600DE10E6 /* Products */;
					ProjectRef = AE98771516F480E600DE10E6 /* Three20UICommon.xcodeproj */;
				},
				{
					ProductGroup = AE98772016F480E600DE10E6 /* Products */;
					ProjectRef = AE98771616F480E600DE10E6 /* Three20UINavigator.xcodeproj */;
				},
			);
			projectRoot = "";
			targets = (
				AE9B2D9F155524D1005ABB10 /* 云南白药 */,
			);
		};
/* End PBXProject section */

/* Begin PBXReferenceProxy section */
		AE98770D16F4808B00DE10E6 /* libThree20.a */ = {
			isa = PBXReferenceProxy;
			fileType = archive.ar;
			path = libThree20.a;
			remoteRef = AE98770C16F4808B00DE10E6 /* PBXContainerItemProxy */;
			sourceTree = BUILT_PRODUCTS_DIR;
		};
		AE98770F16F4808B00DE10E6 /* Three20UnitTests.octest */ = {
			isa = PBXReferenceProxy;
			fileType = wrapper.cfbundle;
			path = Three20UnitTests.octest;
			remoteRef = AE98770E16F4808B00DE10E6 /* PBXContainerItemProxy */;
			sourceTree = BUILT_PRODUCTS_DIR;
		};
		AE98772716F480E600DE10E6 /* libThree20Core.a */ = {
			isa = PBXReferenceProxy;
			fileType = archive.ar;
			path = libThree20Core.a;
			remoteRef = AE98772616F480E600DE10E6 /* PBXContainerItemProxy */;
			sourceTree = BUILT_PRODUCTS_DIR;
		};
		AE98772916F480E600DE10E6 /* CoreUnitTests.octest */ = {
			isa = PBXReferenceProxy;
			fileType = wrapper.cfbundle;
			path = CoreUnitTests.octest;
			remoteRef = AE98772816F480E600DE10E6 /* PBXContainerItemProxy */;
			sourceTree = BUILT_PRODUCTS_DIR;
		};
		AE98772D16F480E600DE10E6 /* libThree20Network.a */ = {
			isa = PBXReferenceProxy;
			fileType = archive.ar;
			path = libThree20Network.a;
			remoteRef = AE98772C16F480E600DE10E6 /* PBXContainerItemProxy */;
			sourceTree = BUILT_PRODUCTS_DIR;
		};
		AE98772F16F480E600DE10E6 /* NetworkUnitTests.octest */ = {
			isa = PBXReferenceProxy;
			fileType = wrapper.cfbundle;
			path = NetworkUnitTests.octest;
			remoteRef = AE98772E16F480E600DE10E6 /* PBXContainerItemProxy */;
			sourceTree = BUILT_PRODUCTS_DIR;
		};
		AE98773316F480E600DE10E6 /* libThree20Style.a */ = {
			isa = PBXReferenceProxy;
			fileType = archive.ar;
			path = libThree20Style.a;
			remoteRef = AE98773216F480E600DE10E6 /* PBXContainerItemProxy */;
			sourceTree = BUILT_PRODUCTS_DIR;
		};
		AE98773516F480E600DE10E6 /* StyleUnitTests.octest */ = {
			isa = PBXReferenceProxy;
			fileType = wrapper.cfbundle;
			path = StyleUnitTests.octest;
			remoteRef = AE98773416F480E600DE10E6 /* PBXContainerItemProxy */;
			sourceTree = BUILT_PRODUCTS_DIR;
		};
		AE98773916F480E600DE10E6 /* libThree20UI.a */ = {
			isa = PBXReferenceProxy;
			fileType = archive.ar;
			path = libThree20UI.a;
			remoteRef = AE98773816F480E600DE10E6 /* PBXContainerItemProxy */;
			sourceTree = BUILT_PRODUCTS_DIR;
		};
		AE98773B16F480E600DE10E6 /* UIUnitTests.octest */ = {
			isa = PBXReferenceProxy;
			fileType = wrapper.cfbundle;
			path = UIUnitTests.octest;
			remoteRef = AE98773A16F480E600DE10E6 /* PBXContainerItemProxy */;
			sourceTree = BUILT_PRODUCTS_DIR;
		};
		AE98773F16F480E600DE10E6 /* libThree20UICommon.a */ = {
			isa = PBXReferenceProxy;
			fileType = archive.ar;
			path = libThree20UICommon.a;
			remoteRef = AE98773E16F480E600DE10E6 /* PBXContainerItemProxy */;
			sourceTree = BUILT_PRODUCTS_DIR;
		};
		AE98774116F480E600DE10E6 /* UICommonUnitTests.octest */ = {
			isa = PBXReferenceProxy;
			fileType = wrapper.cfbundle;
			path = UICommonUnitTests.octest;
			remoteRef = AE98774016F480E600DE10E6 /* PBXContainerItemProxy */;
			sourceTree = BUILT_PRODUCTS_DIR;
		};
		AE98774516F480E600DE10E6 /* libThree20UINavigator.a */ = {
			isa = PBXReferenceProxy;
			fileType = archive.ar;
			path = libThree20UINavigator.a;
			remoteRef = AE98774416F480E600DE10E6 /* PBXContainerItemProxy */;
			sourceTree = BUILT_PRODUCTS_DIR;
		};
		AE98774716F480E600DE10E6 /* UINavigatorUnitTests.octest */ = {
			isa = PBXReferenceProxy;
			fileType = wrapper.cfbundle;
			path = UINavigatorUnitTests.octest;
			remoteRef = AE98774616F480E600DE10E6 /* PBXContainerItemProxy */;
			sourceTree = BUILT_PRODUCTS_DIR;
		};
/* End PBXReferenceProxy section */

/* Begin PBXResourcesBuildPhase section */
		AE9B2D9E155524D1005ABB10 /* Resources */ = {
			isa = PBXResourcesBuildPhase;
			buildActionMask = 2147483647;
			files = (
				AE9B2DAF155524D1005ABB10 /* InfoPlist.strings in Resources */,
				AE9B2DE715552501005ABB10 /* bbs.png in Resources */,
				AE9B2DE815552501005ABB10 /* Default.png in Resources */,
				AE9B2DE915552501005ABB10 /* Default@2x.png in Resources */,
				AE9B2DEA15552501005ABB10 /* Icon-72.png in Resources */,
				AE9B2DEB15552501005ABB10 /* Icon-Small-50.png in Resources */,
				AE9B2DEC15552501005ABB10 /* Icon-Small.png in Resources */,
				AE9B2DED15552501005ABB10 /* Icon-Small@2x.png in Resources */,
				AE9B2DEE15552501005ABB10 /* Icon.png in Resources */,
				AE9B2DEF15552501005ABB10 /* Icon@2x.png in Resources */,
				AE9B2DF015552501005ABB10 /* news.png in Resources */,
				AE9B2DF115552501005ABB10 /* office.png in Resources */,
				AE9B2DF215552501005ABB10 /* other.png in Resources */,
				AE9B2DF315552501005ABB10 /* product.png in Resources */,
				AE9B2DF415552501005ABB10 /* DemsyMainWindow.xib in Resources */,
				AE9B2DF515552501005ABB10 /* DemsyWebInfoDetailView.xib in Resources */,
				AE9B2DF615552501005ABB10 /* DemsyWebInfoRootView.xib in Resources */,
				AE9B2DF715552501005ABB10 /* DemsyWebInfoTableCell.xib in Resources */,
				AE9B2DF815552501005ABB10 /* DemsyWebInfoTableView.xib in Resources */,
				AE842E261557BD8E00BBE1DC /* DemsyProductRootView.xib in Resources */,
				AE842E291557BDAB00BBE1DC /* DemsyProductTableView.xib in Resources */,
				AE842E2B1557BDC200BBE1DC /* DemsyProductDetailView.xib in Resources */,
				AE842E3C1557CA4100BBE1DC /* DemsyProductTableCell.xib in Resources */,
				AE172256155945CA0055A83D /* DemsyBbsRootView.xib in Resources */,
				AE172259155945DE0055A83D /* DemsyBbsTableView.xib in Resources */,
				AE17225B155945F10055A83D /* DemsyBbsReplyTableView.xib in Resources */,
				AE17226915594BB40055A83D /* DemsyBbsTableCell.xib in Resources */,
				AE17226B15594CF20055A83D /* DemsyOfficeRootView.xib in Resources */,
				AE17226D15595B500055A83D /* DemsyMoreRootView.xib in Resources */,
				AE8A3021155A0F1500E7BD53 /* blackArrow.png in Resources */,
				AE8A3022155A0F1500E7BD53 /* blackArrow@2x.png in Resources */,
				AE8A3023155A0F1500E7BD53 /* blueArrow.png in Resources */,
				AE8A3024155A0F1500E7BD53 /* blueArrow@2x.png in Resources */,
				AE8A3025155A0F1500E7BD53 /* grayArrow.png in Resources */,
				AE8A3026155A0F1500E7BD53 /* grayArrow@2x.png in Resources */,
				AE8A3027155A0F1500E7BD53 /* whiteArrow.png in Resources */,
				AE8A3028155A0F1500E7BD53 /* whiteArrow@2x.png in Resources */,
				AE1D738D16F6093C008FE6D7 /* Three20.bundle in Resources */,
			);
			runOnlyForDeploymentPostprocessing = 0;
		};
/* End PBXResourcesBuildPhase section */

/* Begin PBXSourcesBuildPhase section */
		AE9B2D9C155524D1005ABB10 /* Sources */ = {
			isa = PBXSourcesBuildPhase;
			buildActionMask = 2147483647;
			files = (
				AE9B2DB1155524D1005ABB10 /* main.m in Sources */,
				AE9B2DB5155524D1005ABB10 /* DemsyAppDelegate.m in Sources */,
				AE9B2DE015552501005ABB10 /* DemsyAsyncImageView.m in Sources */,
				AE9B2DE115552501005ABB10 /* DemsyUtils.m in Sources */,
				AE9B2DE215552501005ABB10 /* DemsyAsynURLController.m in Sources */,
				AE9B2DE315552501005ABB10 /* DemsyWebInfoDetailController.m in Sources */,
				AE9B2DE415552501005ABB10 /* DemsyWebInfoRootController.m in Sources */,
				AE9B2DE515552501005ABB10 /* DemsyWebInfoTableController.m in Sources */,
				AE9B2DE615552501005ABB10 /* DemsyWebInfo.m in Sources */,
				AE842E2E1557BDEB00BBE1DC /* DemsyProductRootController.m in Sources */,
				AE842E311557BDFC00BBE1DC /* DemsyProductTableController.m in Sources */,
				AE842E341557BE0C00BBE1DC /* DemsyProductDetailController.m in Sources */,
				AE842E3A1557BF7F00BBE1DC /* DemsyProduct.m in Sources */,
				AE83F1941558F14600C83433 /* DemsyTableController.m in Sources */,
				AE17225E155946410055A83D /* DemsyBbsRootController.m in Sources */,
				AE172261155946B50055A83D /* DemsyBbsTableController.m in Sources */,
				AE1722641559470B0055A83D /* DemsyBbsReplyTableController.m in Sources */,
				AE1722671559473E0055A83D /* DemsyBbs.m in Sources */,
				AE8A3017155A0EEB00E7BD53 /* EGORefreshTableHeaderView.m in Sources */,
			);
			runOnlyForDeploymentPostprocessing = 0;
		};
/* End PBXSourcesBuildPhase section */

/* Begin PBXTargetDependency section */
		AE98775016F4831500DE10E6 /* PBXTargetDependency */ = {
			isa = PBXTargetDependency;
			name = Three20Network;
			targetProxy = AE98774F16F4831500DE10E6 /* PBXContainerItemProxy */;
		};
		AE98775216F4831500DE10E6 /* PBXTargetDependency */ = {
			isa = PBXTargetDependency;
			name = Three20UINavigator;
			targetProxy = AE98775116F4831500DE10E6 /* PBXContainerItemProxy */;
		};
		AE98775416F4831500DE10E6 /* PBXTargetDependency */ = {
			isa = PBXTargetDependency;
			name = Three20;
			targetProxy = AE98775316F4831500DE10E6 /* PBXContainerItemProxy */;
		};
		AE98775616F4831500DE10E6 /* PBXTargetDependency */ = {
			isa = PBXTargetDependency;
			name = Three20Core;
			targetProxy = AE98775516F4831500DE10E6 /* PBXContainerItemProxy */;
		};
		AE98775816F4831500DE10E6 /* PBXTargetDependency */ = {
			isa = PBXTargetDependency;
			name = Three20Style;
			targetProxy = AE98775716F4831500DE10E6 /* PBXContainerItemProxy */;
		};
		AE98775A16F4831500DE10E6 /* PBXTargetDependency */ = {
			isa = PBXTargetDependency;
			name = Three20UI;
			targetProxy = AE98775916F4831500DE10E6 /* PBXContainerItemProxy */;
		};
		AE98775C16F4831500DE10E6 /* PBXTargetDependency */ = {
			isa = PBXTargetDependency;
			name = Three20UICommon;
			targetProxy = AE98775B16F4831500DE10E6 /* PBXContainerItemProxy */;
		};
/* End PBXTargetDependency section */

/* Begin PBXVariantGroup section */
		AE9B2DAD155524D1005ABB10 /* InfoPlist.strings */ = {
			isa = PBXVariantGroup;
			children = (
				AE9B2DAE155524D1005ABB10 /* en */,
			);
			name = InfoPlist.strings;
			sourceTree = "<group>";
		};
/* End PBXVariantGroup section */

/* Begin XCBuildConfiguration section */
		AE9B2DB6155524D1005ABB10 /* Debug */ = {
			isa = XCBuildConfiguration;
			buildSettings = {
				ALWAYS_SEARCH_USER_PATHS = NO;
				ARCHS = "$(ARCHS_STANDARD_32_BIT)";
				"CODE_SIGN_IDENTITY[sdk=iphoneos*]" = "iPhone Developer";
				COPY_PHASE_STRIP = NO;
				GCC_C_LANGUAGE_STANDARD = gnu99;
				GCC_DYNAMIC_NO_PIC = NO;
				GCC_OPTIMIZATION_LEVEL = 0;
				GCC_PREPROCESSOR_DEFINITIONS = (
					"DEBUG=1",
					"$(inherited)",
				);
				GCC_SYMBOLS_PRIVATE_EXTERN = NO;
				GCC_VERSION = com.apple.compilers.llvm.clang.1_0;
				GCC_WARN_ABOUT_RETURN_TYPE = YES;
				GCC_WARN_UNINITIALIZED_AUTOS = YES;
				GCC_WARN_UNUSED_VARIABLE = YES;
				HEADER_SEARCH_PATHS = "\"$(BUILT_PRODUCTS_DIR)/../three20\"";
				"HEADER_SEARCH_PATHS[arch=*]" = "";
				IPHONEOS_DEPLOYMENT_TARGET = 5.1;
				SDKROOT = iphoneos;
			};
			name = Debug;
		};
		AE9B2DB7155524D1005ABB10 /* Release */ = {
			isa = XCBuildConfiguration;
			buildSettings = {
				ALWAYS_SEARCH_USER_PATHS = NO;
				ARCHS = "$(ARCHS_STANDARD_32_BIT)";
				"CODE_SIGN_IDENTITY[sdk=iphoneos*]" = "iPhone Developer";
				COPY_PHASE_STRIP = YES;
				GCC_C_LANGUAGE_STANDARD = gnu99;
				GCC_VERSION = com.apple.compilers.llvm.clang.1_0;
				GCC_WARN_ABOUT_RETURN_TYPE = YES;
				GCC_WARN_UNINITIALIZED_AUTOS = YES;
				GCC_WARN_UNUSED_VARIABLE = YES;
				HEADER_SEARCH_PATHS = "\"$(BUILT_PRODUCTS_DIR)/../three20\"";
				IPHONEOS_DEPLOYMENT_TARGET = 5.1;
				OTHER_CFLAGS = "-DNS_BLOCK_ASSERTIONS=1";
				SDKROOT = iphoneos;
				VALIDATE_PRODUCT = YES;
			};
			name = Release;
		};
		AE9B2DB9155524D1005ABB10 /* Debug */ = {
			isa = XCBuildConfiguration;
			buildSettings = {
				GCC_PRECOMPILE_PREFIX_HEADER = YES;
				GCC_PREFIX_HEADER = iDemsyYnby/Prefix.pch;
				HEADER_SEARCH_PATHS = (
					"\"$(BUILT_PRODUCTS_DIR)/../three20\"",
					"\"$(BUILT_PRODUCTS_DIR)/../../three20\"",
					"\"$(CONFIGURATION_BUILD_DIR)/../../three20\"",
				);
				INFOPLIST_FILE = iDemsyYnby/Info.plist;
				IPHONEOS_DEPLOYMENT_TARGET = 4.3;
				OTHER_LDFLAGS = (
					"-ObjC",
					"-all_load",
				);
				PRODUCT_NAME = "云南白药";
				WRAPPER_EXTENSION = app;
			};
			name = Debug;
		};
		AE9B2DBA155524D1005ABB10 /* Release */ = {
			isa = XCBuildConfiguration;
			buildSettings = {
				GCC_PRECOMPILE_PREFIX_HEADER = YES;
				GCC_PREFIX_HEADER = iDemsyYnby/Prefix.pch;
				HEADER_SEARCH_PATHS = (
					"\"$(BUILT_PRODUCTS_DIR)/../three20\"",
					"\"$(BUILT_PRODUCTS_DIR)/../../three20\"",
					"\"$(CONFIGURATION_BUILD_DIR)/../../three20\"",
				);
				INFOPLIST_FILE = iDemsyYnby/Info.plist;
				IPHONEOS_DEPLOYMENT_TARGET = 4.3;
				OTHER_LDFLAGS = (
					"-ObjC",
					"-all_load",
				);
				PRODUCT_NAME = "云南白药";
				WRAPPER_EXTENSION = app;
			};
			name = Release;
		};
/* End XCBuildConfiguration section */

/* Begin XCConfigurationList section */
		AE9B2D9A155524D1005ABB10 /* Build configuration list for PBXProject "iDemsyYnby" */ = {
			isa = XCConfigurationList;
			buildConfigurations = (
				AE9B2DB6155524D1005ABB10 /* Debug */,
				AE9B2DB7155524D1005ABB10 /* Release */,
			);
			defaultConfigurationIsVisible = 0;
			defaultConfigurationName = Release;
		};
		AE9B2DB8155524D1005ABB10 /* Build configuration list for PBXNativeTarget "云南白药" */ = {
			isa = XCConfigurationList;
			buildConfigurations = (
				AE9B2DB9155524D1005ABB10 /* Debug */,
				AE9B2DBA155524D1005ABB10 /* Release */,
			);
			defaultConfigurationIsVisible = 0;
			defaultConfigurationName = Release;
		};
/* End XCConfigurationList section */
	};
	rootObject = AE9B2D97155524D1005ABB10 /* Project object */;
}
